{
  "version": 4,
  "terraform_version": "0.14.5",
  "serial": 27,
  "lineage": "c98131c1-60ab-f1e5-057c-6c3d7e045981",
  "outputs": {},
  "resources": [
    {
      "mode": "data",
      "type": "aws_caller_identity",
      "name": "current",
      "provider": "provider[\"registry.terraform.io/hashicorp/aws\"]",
      "instances": [
        {
          "schema_version": 0,
          "attributes": {
            "account_id": "371538638536",
            "arn": "arn:aws:iam::371538638536:user/terraform-test",
            "id": "371538638536",
            "user_id": "AIDAVNALNW3ELFBZUGX7U"
          },
          "sensitive_attributes": []
        }
      ]
    },
    {
      "mode": "data",
      "type": "aws_region",
      "name": "current",
      "provider": "provider[\"registry.terraform.io/hashicorp/aws\"]",
      "instances": [
        {
          "schema_version": 0,
          "attributes": {
            "description": "Europe (London)",
            "endpoint": "ec2.eu-west-2.amazonaws.com",
            "id": "eu-west-2",
            "name": "eu-west-2"
          },
          "sensitive_attributes": []
        }
      ]
    },
    {
      "mode": "managed",
      "type": "aws_ecr_repository",
      "name": "this",
      "provider": "provider[\"registry.terraform.io/hashicorp/aws\"]",
      "instances": [
        {
          "schema_version": 0,
          "attributes": {
            "arn": "arn:aws:ecr:eu-west-2:371538638536:repository/app",
            "encryption_configuration": [
              {
                "encryption_type": "AES256",
                "kms_key": ""
              }
            ],
            "id": "app",
            "image_scanning_configuration": [
              {
                "scan_on_push": false
              }
            ],
            "image_tag_mutability": "MUTABLE",
            "name": "app",
            "registry_id": "371538638536",
            "repository_url": "371538638536.dkr.ecr.eu-west-2.amazonaws.com/app",
            "tags": {
              "Customer": "Network",
              "Email": "maher.mfayez@gmail.com",
              "Environment": "ci-cd",
              "GithubRepo": "https://github.com/xxx/",
              "Name": "Network",
              "Owner": "Maher Fayez",
              "Product": "Network",
              "Project": "POC"
            },
            "timeouts": null
          },
          "sensitive_attributes": [],
          "private": "eyJlMmJmYjczMC1lY2FhLTExZTYtOGY4OC0zNDM2M2JjN2M0YzAiOnsiZGVsZXRlIjoxMjAwMDAwMDAwMDAwfX0="
        }
      ]
    },
    {
      "mode": "managed",
      "type": "aws_ecr_repository_policy",
      "name": "foopolicy",
      "provider": "provider[\"registry.terraform.io/hashicorp/aws\"]",
      "instances": [
        {
          "schema_version": 0,
          "attributes": {
            "id": "app",
            "policy": "{\n  \"Version\" : \"2008-10-17\",\n  \"Statement\" : [ {\n    \"Sid\" : \"new policy\",\n    \"Effect\" : \"Allow\",\n    \"Principal\" : \"*\",\n    \"Action\" : [ \"ecr:GetDownloadUrlForLayer\", \"ecr:BatchGetImage\", \"ecr:BatchCheckLayerAvailability\", \"ecr:PutImage\", \"ecr:InitiateLayerUpload\", \"ecr:UploadLayerPart\", \"ecr:CompleteLayerUpload\", \"ecr:DescribeRepositories\", \"ecr:GetRepositoryPolicy\", \"ecr:ListImages\", \"ecr:DeleteRepository\", \"ecr:BatchDeleteImage\", \"ecr:SetRepositoryPolicy\", \"ecr:DeleteRepositoryPolicy\" ]\n  } ]\n}",
            "registry_id": "371538638536",
            "repository": "app"
          },
          "sensitive_attributes": [],
          "private": "bnVsbA==",
          "dependencies": [
            "aws_ecr_repository.this"
          ]
        }
      ]
    },
    {
      "mode": "managed",
      "type": "aws_kms_key",
      "name": "app",
      "provider": "provider[\"registry.terraform.io/hashicorp/aws\"]",
      "instances": [
        {
          "schema_version": 0,
          "attributes": {
            "arn": "arn:aws:kms:eu-west-2:371538638536:key/960b9af5-1aef-4536-8558-095743718c3d",
            "customer_master_key_spec": "SYMMETRIC_DEFAULT",
            "deletion_window_in_days": 10,
            "description": "App KMS key",
            "enable_key_rotation": false,
            "id": "960b9af5-1aef-4536-8558-095743718c3d",
            "is_enabled": true,
            "key_id": "960b9af5-1aef-4536-8558-095743718c3d",
            "key_usage": "ENCRYPT_DECRYPT",
            "policy": "{\"Id\":\"key-default-1\",\"Statement\":[{\"Action\":\"kms:*\",\"Effect\":\"Allow\",\"Principal\":{\"AWS\":\"arn:aws:iam::371538638536:root\"},\"Resource\":\"*\",\"Sid\":\"Enable IAM User Permissions\"}],\"Version\":\"2012-10-17\"}",
            "tags": {
              "Customer": "Network",
              "Email": "maher.mfayez@gmail.com",
              "Environment": "ci-cd",
              "GithubRepo": "https://github.com/xxx/",
              "Name": "Network",
              "Owner": "Maher Fayez",
              "Product": "Network",
              "Project": "POC"
            }
          },
          "sensitive_attributes": [],
          "private": "bnVsbA=="
        }
      ]
    },
    {
      "module": "module.codeBuild",
      "mode": "managed",
      "type": "aws_codebuild_project",
      "name": "main",
      "provider": "provider[\"registry.terraform.io/hashicorp/aws\"]",
      "instances": [
        {
          "schema_version": 0,
          "attributes": {
            "arn": "arn:aws:codebuild:eu-west-2:371538638536:project/app",
            "artifacts": [
              {
                "artifact_identifier": "",
                "encryption_disabled": false,
                "location": "",
                "name": "app",
                "namespace_type": "",
                "override_artifact_name": false,
                "packaging": "NONE",
                "path": "",
                "type": "CODEPIPELINE"
              }
            ],
            "badge_enabled": false,
            "badge_url": "",
            "build_timeout": 5,
            "cache": [
              {
                "location": "",
                "modes": [],
                "type": "NO_CACHE"
              }
            ],
            "description": "The CodeBuild project for repo",
            "encryption_key": "arn:aws:kms:eu-west-2:371538638536:key/960b9af5-1aef-4536-8558-095743718c3d",
            "environment": [
              {
                "certificate": "",
                "compute_type": "BUILD_GENERAL1_SMALL",
                "environment_variable": [],
                "image": "aws/codebuild/standard:3.0",
                "image_pull_credentials_type": "CODEBUILD",
                "privileged_mode": true,
                "registry_credential": [],
                "type": "LINUX_CONTAINER"
              }
            ],
            "id": "arn:aws:codebuild:eu-west-2:371538638536:project/app",
            "logs_config": [
              {
                "cloudwatch_logs": [
                  {
                    "group_name": "",
                    "status": "ENABLED",
                    "stream_name": ""
                  }
                ],
                "s3_logs": [
                  {
                    "encryption_disabled": false,
                    "location": "",
                    "status": "DISABLED"
                  }
                ]
              }
            ],
            "name": "app",
            "queued_timeout": 480,
            "secondary_artifacts": [],
            "secondary_sources": [],
            "service_role": "arn:aws:iam::371538638536:role/terraform-app-role",
            "source": [
              {
                "auth": [],
                "buildspec": "buildspec.yml",
                "git_clone_depth": 0,
                "git_submodules_config": [],
                "insecure_ssl": false,
                "location": "",
                "report_build_status": false,
                "type": "CODEPIPELINE"
              }
            ],
            "source_version": "",
            "tags": {
              "Customer": "Network",
              "Email": "maher.mfayez@gmail.com",
              "Environment": "ci-cd",
              "GithubRepo": "https://github.com/xxx/",
              "Name": "Network",
              "Owner": "Maher Fayez",
              "Product": "Network",
              "Project": "POC"
            },
            "vpc_config": []
          },
          "sensitive_attributes": [],
          "private": "bnVsbA==",
          "dependencies": [
            "aws_kms_key.app",
            "module.codeBuild.aws_iam_role.main"
          ]
        }
      ]
    },
    {
      "module": "module.codeBuild",
      "mode": "managed",
      "type": "aws_iam_role",
      "name": "main",
      "provider": "provider[\"registry.terraform.io/hashicorp/aws\"]",
      "instances": [
        {
          "schema_version": 0,
          "attributes": {
            "arn": "arn:aws:iam::371538638536:role/terraform-app-role",
            "assume_role_policy": "{\"Version\":\"2012-10-17\",\"Statement\":[{\"Sid\":\"\",\"Effect\":\"Allow\",\"Principal\":{\"Service\":\"codebuild.amazonaws.com\"},\"Action\":\"sts:AssumeRole\"}]}",
            "create_date": "2021-02-04T12:20:57Z",
            "description": "",
            "force_detach_policies": false,
            "id": "terraform-app-role",
            "max_session_duration": 3600,
            "name": "terraform-app-role",
            "name_prefix": null,
            "path": "/",
            "permissions_boundary": null,
            "tags": null,
            "unique_id": "AROAVNALNW3EPFEL5GMC5"
          },
          "sensitive_attributes": [],
          "private": "bnVsbA=="
        }
      ]
    },
    {
      "module": "module.codeBuild",
      "mode": "managed",
      "type": "aws_iam_role_policy",
      "name": "main",
      "provider": "provider[\"registry.terraform.io/hashicorp/aws\"]",
      "instances": [
        {
          "schema_version": 0,
          "attributes": {
            "id": "terraform-app-role:codebuild-app",
            "name": "codebuild-app",
            "name_prefix": null,
            "policy": "{\n    \"Version\": \"2012-10-17\",\n    \"Statement\": [\n        {\n            \"Action\": [\n                \"kms:*\"\n            ],\n            \"Resource\": [\n                \"arn:aws:kms:eu-west-2:371538638536:key/960b9af5-1aef-4536-8558-095743718c3d\"\n            ],\n            \"Effect\": \"Allow\"\n        },\n        {\n            \"Effect\": \"Allow\",\n            \"Resource\": [\n                \"*\"\n            ],\n            \"Action\": [\n                \"logs:CreateLogGroup\",\n                \"logs:CreateLogStream\",\n                \"logs:PutLogEvents\"\n            ]\n        },\n        {\n            \"Effect\": \"Allow\",\n            \"Resource\": [\n                \"arn:aws:s3:::*\"\n            ],\n            \"Action\": [\n                \"s3:*\"\n                \n            ]\n        },\n        {\n            \"Effect\": \"Allow\",\n            \"Resource\": [\n                \"arn:aws:s3:::*\"\n            ],\n            \"Action\": [\n                \"s3:PutObject\",\n                \"s3:GetObject\",\n                \"s3:GetObjectVersion\",\n                \"s3:GetBucketAcl\",\n                \"s3:GetBucketLocation\"\n            ]\n        }, \n        {\n            \"Effect\": \"Allow\",\n            \"Resource\": [\n                \"*\"\n            ],\n            \"Action\": [\n                \"ecr:*\"\n            ]\n        }\n    ]\n}\n",
            "role": "terraform-app-role"
          },
          "sensitive_attributes": [],
          "private": "bnVsbA==",
          "dependencies": [
            "aws_kms_key.app",
            "module.codeBuild.aws_iam_role.main"
          ]
        }
      ]
    },
    {
      "module": "module.codeCommit",
      "mode": "managed",
      "type": "aws_codecommit_repository",
      "name": "main",
      "provider": "provider[\"registry.terraform.io/hashicorp/aws\"]",
      "instances": [
        {
          "schema_version": 0,
          "attributes": {
            "arn": "arn:aws:codecommit:eu-west-2:371538638536:app",
            "clone_url_http": "https://git-codecommit.eu-west-2.amazonaws.com/v1/repos/app",
            "clone_url_ssh": "ssh://git-codecommit.eu-west-2.amazonaws.com/v1/repos/app",
            "default_branch": "master",
            "description": "This is the Sample a SpringBoot Java microservice",
            "id": "app",
            "repository_id": "adbcf044-acc6-4530-bd47-b256616d0901",
            "repository_name": "app",
            "tags": {
              "Customer": "Network",
              "Email": "maher.mfayez@gmail.com",
              "Environment": "ci-cd",
              "GithubRepo": "https://github.com/xxx/",
              "Name": "Network",
              "Owner": "Maher Fayez",
              "Product": "Network",
              "Project": "POC"
            }
          },
          "sensitive_attributes": [],
          "private": "bnVsbA=="
        }
      ]
    },
    {
      "module": "module.codePipeline",
      "mode": "managed",
      "type": "aws_codepipeline",
      "name": "app_deployment_pipeline",
      "provider": "provider[\"registry.terraform.io/hashicorp/aws\"]",
      "instances": [
        {
          "schema_version": 0,
          "attributes": {
            "arn": "arn:aws:codepipeline:eu-west-2:371538638536:app",
            "artifact_store": [
              {
                "encryption_key": [
                  {
                    "id": "arn:aws:kms:eu-west-2:371538638536:key/960b9af5-1aef-4536-8558-095743718c3d",
                    "type": "KMS"
                  }
                ],
                "location": "contoso-app",
                "region": "",
                "type": "S3"
              }
            ],
            "id": "app",
            "name": "app",
            "role_arn": "arn:aws:iam::371538638536:role/codepipeline-app",
            "stage": [
              {
                "action": [
                  {
                    "category": "Source",
                    "configuration": {
                      "Branch": "main",
                      "OAuthToken": "3aa10a6974834d71d7e1d3596ef4291a93bb13fb",
                      "Owner": "maherfayez",
                      "PollForSourceChanges": "true",
                      "Repo": "contoso"
                    },
                    "input_artifacts": null,
                    "name": "Source",
                    "namespace": "",
                    "output_artifacts": [
                      "SourceArtifact"
                    ],
                    "owner": "ThirdParty",
                    "provider": "GitHub",
                    "region": "",
                    "role_arn": "",
                    "run_order": 1,
                    "version": "1"
                  }
                ],
                "name": "Source"
              },
              {
                "action": [
                  {
                    "category": "Build",
                    "configuration": {
                      "ProjectName": "app"
                    },
                    "input_artifacts": [
                      "SourceArtifact"
                    ],
                    "name": "Build",
                    "namespace": "",
                    "output_artifacts": [
                      "BuildArtifact"
                    ],
                    "owner": "AWS",
                    "provider": "CodeBuild",
                    "region": "",
                    "role_arn": "",
                    "run_order": 1,
                    "version": "1"
                  }
                ],
                "name": "Build"
              },
              {
                "action": [
                  {
                    "category": "Deploy",
                    "configuration": {
                      "ClusterName": "app",
                      "ServiceName": "contoso"
                    },
                    "input_artifacts": [
                      "BuildArtifact"
                    ],
                    "name": "Deploy",
                    "namespace": "",
                    "output_artifacts": null,
                    "owner": "AWS",
                    "provider": "ECS",
                    "region": "",
                    "role_arn": "arn:aws:iam::669791164395:role/CrossAccessCICDAccount",
                    "run_order": 1,
                    "version": "1"
                  }
                ],
                "name": "Deploy-PROD"
              }
            ],
            "tags": {
              "Customer": "Network",
              "Email": "maher.mfayez@gmail.com",
              "Environment": "ci-cd",
              "GithubRepo": "https://github.com/xxx/",
              "Name": "Network",
              "Owner": "Maher Fayez",
              "Product": "Network",
              "Project": "POC"
            }
          },
          "sensitive_attributes": [],
          "private": "bnVsbA==",
          "dependencies": [
            "aws_kms_key.app",
            "module.codePipeline.aws_iam_role.main",
            "module.codePipeline.aws_s3_bucket.main"
          ]
        }
      ]
    },
    {
      "module": "module.codePipeline",
      "mode": "managed",
      "type": "aws_iam_role",
      "name": "main",
      "provider": "provider[\"registry.terraform.io/hashicorp/aws\"]",
      "instances": [
        {
          "schema_version": 0,
          "attributes": {
            "arn": "arn:aws:iam::371538638536:role/codepipeline-app",
            "assume_role_policy": "{\"Version\":\"2012-10-17\",\"Statement\":[{\"Effect\":\"Allow\",\"Principal\":{\"Service\":\"codepipeline.amazonaws.com\"},\"Action\":\"sts:AssumeRole\"}]}",
            "create_date": "2021-02-04T12:20:57Z",
            "description": "",
            "force_detach_policies": false,
            "id": "codepipeline-app",
            "max_session_duration": 3600,
            "name": "codepipeline-app",
            "name_prefix": null,
            "path": "/",
            "permissions_boundary": null,
            "tags": null,
            "unique_id": "AROAVNALNW3EMUZM3IHBP"
          },
          "sensitive_attributes": [],
          "private": "bnVsbA=="
        }
      ]
    },
    {
      "module": "module.codePipeline",
      "mode": "managed",
      "type": "aws_iam_role_policy",
      "name": "main",
      "provider": "provider[\"registry.terraform.io/hashicorp/aws\"]",
      "instances": [
        {
          "schema_version": 0,
          "attributes": {
            "id": "codepipeline-app:codepipeline-app",
            "name": "codepipeline-app",
            "name_prefix": null,
            "policy": "{\n    \"Statement\": [\n        {\n            \"Action\": [\n                \"kms:*\"\n            ],\n            \"Resource\": [\n                \"arn:aws:kms:eu-west-2:371538638536:key/960b9af5-1aef-4536-8558-095743718c3d\"\n            ],\n            \"Effect\": \"Allow\"\n        },\n        {\n            \"Action\": [\n                \"kms:*\",\n                \"sts:AssumeRole\"\n            ],\n            \"Resource\": [\n                \"arn:aws:iam::669791164395:role/CrossAccessCICDAccount\"\n            ],\n            \"Effect\": \"Allow\"\n        },\n        {\n            \"Action\": [\n                \"codecommit:CancelUploadArchive\",\n                \"codecommit:GetBranch\",\n                \"codecommit:GetCommit\",\n                \"codecommit:GetUploadArchiveStatus\",\n                \"codecommit:UploadArchive\"\n            ],\n            \"Resource\": \"*\",\n            \"Effect\": \"Allow\"\n        },\n        {\n            \"Action\": [\n                \"codedeploy:CreateDeployment\",\n                \"codedeploy:GetApplication\",\n                \"codedeploy:GetApplicationRevision\",\n                \"codedeploy:GetDeployment\",\n                \"codedeploy:GetDeploymentConfig\",\n                \"codedeploy:RegisterApplicationRevision\"\n            ],\n            \"Resource\": \"*\",\n            \"Effect\": \"Allow\"\n        },\n        {\n            \"Action\": [\n                \"cloudwatch:*\",\n                \"s3:*\",\n                \"ecs:*\",\n                \"ecs-tasks:*\",\n                \"iam:PassRole\"\n            ],\n            \"Resource\": \"*\",\n            \"Effect\": \"Allow\"\n        },\n        {\n            \"Action\": [\n                \"codebuild:BatchGetBuilds\",\n                \"codebuild:StartBuild\"\n            ],\n            \"Resource\": \"*\",\n            \"Effect\": \"Allow\"\n        },\n        {\n            \"Effect\": \"Allow\",\n            \"Action\": [\n                \"sts:AssumeRole\"\n            ],\n            \"Resource\": \"*\"\n        }\n    ],\n    \"Version\": \"2012-10-17\"\n}\n\n",
            "role": "codepipeline-app"
          },
          "sensitive_attributes": [],
          "private": "bnVsbA==",
          "dependencies": [
            "aws_kms_key.app",
            "module.codePipeline.aws_iam_role.main"
          ]
        }
      ]
    },
    {
      "module": "module.codePipeline",
      "mode": "managed",
      "type": "aws_s3_bucket",
      "name": "main",
      "provider": "provider[\"registry.terraform.io/hashicorp/aws\"]",
      "instances": [
        {
          "schema_version": 0,
          "attributes": {
            "acceleration_status": "",
            "acl": "private",
            "arn": "arn:aws:s3:::contoso-app",
            "bucket": "contoso-app",
            "bucket_domain_name": "contoso-app.s3.amazonaws.com",
            "bucket_prefix": null,
            "bucket_regional_domain_name": "contoso-app.s3.eu-west-2.amazonaws.com",
            "cors_rule": [],
            "force_destroy": true,
            "grant": [],
            "hosted_zone_id": "Z3GKZC51ZF0DB4",
            "id": "contoso-app",
            "lifecycle_rule": [],
            "logging": [],
            "object_lock_configuration": [],
            "policy": null,
            "region": "eu-west-2",
            "replication_configuration": [],
            "request_payer": "BucketOwner",
            "server_side_encryption_configuration": [],
            "tags": {
              "Customer": "Network",
              "Email": "maher.mfayez@gmail.com",
              "Environment": "ci-cd",
              "GithubRepo": "https://github.com/xxx/",
              "Name": "Network",
              "Owner": "Maher Fayez",
              "Product": "Network",
              "Project": "POC"
            },
            "versioning": [
              {
                "enabled": false,
                "mfa_delete": false
              }
            ],
            "website": [],
            "website_domain": null,
            "website_endpoint": null
          },
          "sensitive_attributes": [],
          "private": "bnVsbA=="
        }
      ]
    },
    {
      "module": "module.codePipeline",
      "mode": "managed",
      "type": "aws_s3_bucket_policy",
      "name": "main",
      "provider": "provider[\"registry.terraform.io/hashicorp/aws\"]",
      "instances": [
        {
          "schema_version": 0,
          "attributes": {
            "bucket": "contoso-app",
            "id": "contoso-app",
            "policy": "{\n    \"Version\": \"2012-10-17\",\n    \"Id\": \"SSEAndSSLPolicy\",\n    \"Statement\": [\n        {\n            \"Sid\": \"DenyUnEncryptedObjectUploads\",\n            \"Effect\": \"Deny\",\n            \"Principal\": \"*\",\n            \"Action\": \"s3:PutObject\",\n            \"Resource\": \"arn:aws:s3:::contoso-app/*\",\n            \"Condition\": {\n                \"StringNotEquals\": {\n                    \"s3:x-amz-server-side-encryption\": \"aws:kms\"\n                }\n            }\n        },\n        {\n            \"Sid\": \"DenyInsecureConnections\",\n            \"Effect\": \"Deny\",\n            \"Principal\": \"*\",\n            \"Action\": \"s3:*\",\n            \"Resource\": \"arn:aws:s3:::contoso-app/*\",\n            \"Condition\": {\n                \"Bool\": {\n                    \"aws:SecureTransport\": \"false\"\n                }\n            }\n        }, \n        {\n            \"Sid\": \"AllowGetPutProdAccount\",\n            \"Effect\": \"Allow\",\n            \"Principal\": {\n                \"AWS\": [\n                  \"arn:aws:iam::669791164395:role/CrossAccessCICDAccount\"\n                ]\n            },\n            \"Action\": [\n                \"s3:Get*\",\n                \"s3:Put*\"\n            ],\n            \"Resource\": \"arn:aws:s3:::contoso-app/*\"\n        },\n        {\n            \"Sid\": \"\",\n            \"Effect\": \"Allow\",\n            \"Principal\": {\n                 \"AWS\": [\n                    \"arn:aws:iam::669791164395:role/CrossAccessCICDAccount\"\n                ]\n            },\n            \"Action\": \"s3:ListBucket\",\n            \"Resource\": \"arn:aws:s3:::contoso-app\"\n        }\n    ]\n}\n"
          },
          "sensitive_attributes": [],
          "private": "bnVsbA==",
          "dependencies": [
            "module.codePipeline.aws_s3_bucket.main"
          ]
        }
      ]
    },
    {
      "module": "module.network",
      "mode": "data",
      "type": "aws_availability_zones",
      "name": "available",
      "provider": "provider[\"registry.terraform.io/hashicorp/aws\"]",
      "instances": [
        {
          "schema_version": 0,
          "attributes": {
            "all_availability_zones": null,
            "exclude_names": null,
            "exclude_zone_ids": null,
            "filter": null,
            "group_names": [
              "eu-west-2"
            ],
            "id": "eu-west-2",
            "names": [
              "eu-west-2a",
              "eu-west-2b",
              "eu-west-2c"
            ],
            "state": null,
            "zone_ids": [
              "euw2-az2",
              "euw2-az3",
              "euw2-az1"
            ]
          },
          "sensitive_attributes": []
        }
      ]
    },
    {
      "module": "module.network",
      "mode": "managed",
      "type": "aws_eip",
      "name": "gw",
      "provider": "provider[\"registry.terraform.io/hashicorp/aws\"]",
      "instances": [
        {
          "index_key": 0,
          "schema_version": 0,
          "attributes": {
            "allocation_id": null,
            "associate_with_private_ip": null,
            "association_id": "",
            "carrier_ip": "",
            "customer_owned_ip": "",
            "customer_owned_ipv4_pool": "",
            "domain": "vpc",
            "id": "eipalloc-0800e7138d8306ab5",
            "instance": "",
            "network_border_group": "eu-west-2",
            "network_interface": "",
            "private_dns": null,
            "private_ip": "",
            "public_dns": "ec2-18-135-210-73.eu-west-2.compute.amazonaws.com",
            "public_ip": "18.135.210.73",
            "public_ipv4_pool": "amazon",
            "tags": null,
            "timeouts": null,
            "vpc": true
          },
          "sensitive_attributes": [],
          "private": "eyJlMmJmYjczMC1lY2FhLTExZTYtOGY4OC0zNDM2M2JjN2M0YzAiOnsiZGVsZXRlIjoxODAwMDAwMDAwMDAsInJlYWQiOjkwMDAwMDAwMDAwMCwidXBkYXRlIjozMDAwMDAwMDAwMDB9fQ==",
          "dependencies": [
            "module.network.aws_internet_gateway.gw",
            "module.network.aws_vpc.main"
          ]
        },
        {
          "index_key": 1,
          "schema_version": 0,
          "attributes": {
            "allocation_id": null,
            "associate_with_private_ip": null,
            "association_id": "",
            "carrier_ip": "",
            "customer_owned_ip": "",
            "customer_owned_ipv4_pool": "",
            "domain": "vpc",
            "id": "eipalloc-0a66e1153c3e68b1f",
            "instance": "",
            "network_border_group": "eu-west-2",
            "network_interface": "",
            "private_dns": null,
            "private_ip": "",
            "public_dns": "ec2-52-56-83-94.eu-west-2.compute.amazonaws.com",
            "public_ip": "52.56.83.94",
            "public_ipv4_pool": "amazon",
            "tags": null,
            "timeouts": null,
            "vpc": true
          },
          "sensitive_attributes": [],
          "private": "eyJlMmJmYjczMC1lY2FhLTExZTYtOGY4OC0zNDM2M2JjN2M0YzAiOnsiZGVsZXRlIjoxODAwMDAwMDAwMDAsInJlYWQiOjkwMDAwMDAwMDAwMCwidXBkYXRlIjozMDAwMDAwMDAwMDB9fQ==",
          "dependencies": [
            "module.network.aws_internet_gateway.gw",
            "module.network.aws_vpc.main"
          ]
        }
      ]
    },
    {
      "module": "module.network",
      "mode": "managed",
      "type": "aws_internet_gateway",
      "name": "gw",
      "provider": "provider[\"registry.terraform.io/hashicorp/aws\"]",
      "instances": [
        {
          "schema_version": 0,
          "attributes": {
            "arn": "arn:aws:ec2:eu-west-2:371538638536:internet-gateway/igw-015d586dd6580463d",
            "id": "igw-015d586dd6580463d",
            "owner_id": "371538638536",
            "tags": {
              "Customer": "Network",
              "Email": "maher.mfayez@gmail.com",
              "Environment": "ci-cd",
              "GithubRepo": "https://github.com/xxx/",
              "Name": "Network",
              "Owner": "Maher Fayez",
              "Product": "Network",
              "Project": "POC"
            },
            "vpc_id": "vpc-0e0b4db802a29b630"
          },
          "sensitive_attributes": [],
          "private": "bnVsbA==",
          "dependencies": [
            "module.network.aws_vpc.main"
          ]
        }
      ]
    },
    {
      "module": "module.network",
      "mode": "managed",
      "type": "aws_nat_gateway",
      "name": "gw",
      "provider": "provider[\"registry.terraform.io/hashicorp/aws\"]",
      "instances": [
        {
          "index_key": 0,
          "schema_version": 0,
          "attributes": {
            "allocation_id": "eipalloc-0800e7138d8306ab5",
            "id": "nat-0db35d28cc289ca3b",
            "network_interface_id": "eni-084b56dcc9a60436b",
            "private_ip": "172.16.2.67",
            "public_ip": "18.135.210.73",
            "subnet_id": "subnet-01b33d73b91e861da",
            "tags": null
          },
          "sensitive_attributes": [],
          "private": "bnVsbA==",
          "dependencies": [
            "module.network.aws_eip.gw",
            "module.network.aws_internet_gateway.gw",
            "module.network.aws_subnet.public",
            "module.network.aws_vpc.main",
            "module.network.data.aws_availability_zones.available"
          ]
        },
        {
          "index_key": 1,
          "schema_version": 0,
          "attributes": {
            "allocation_id": "eipalloc-0a66e1153c3e68b1f",
            "id": "nat-0c1da5215a1b4c343",
            "network_interface_id": "eni-0ea2bc13a7b70253d",
            "private_ip": "172.16.2.194",
            "public_ip": "52.56.83.94",
            "subnet_id": "subnet-01b33d73b91e861da",
            "tags": null
          },
          "sensitive_attributes": [],
          "private": "bnVsbA==",
          "dependencies": [
            "module.network.aws_eip.gw",
            "module.network.aws_internet_gateway.gw",
            "module.network.aws_subnet.public",
            "module.network.aws_vpc.main",
            "module.network.data.aws_availability_zones.available"
          ]
        }
      ]
    },
    {
      "module": "module.network",
      "mode": "managed",
      "type": "aws_route",
      "name": "internet_access",
      "provider": "provider[\"registry.terraform.io/hashicorp/aws\"]",
      "instances": [
        {
          "schema_version": 0,
          "attributes": {
            "destination_cidr_block": "0.0.0.0/0",
            "destination_ipv6_cidr_block": "",
            "destination_prefix_list_id": "",
            "egress_only_gateway_id": "",
            "gateway_id": "igw-015d586dd6580463d",
            "id": "r-rtb-01ddd6102d581195b1080289494",
            "instance_id": "",
            "instance_owner_id": "",
            "local_gateway_id": "",
            "nat_gateway_id": "",
            "network_interface_id": "",
            "origin": "CreateRoute",
            "route_table_id": "rtb-01ddd6102d581195b",
            "state": "active",
            "timeouts": null,
            "transit_gateway_id": "",
            "vpc_endpoint_id": null,
            "vpc_peering_connection_id": ""
          },
          "sensitive_attributes": [],
          "private": "eyJlMmJmYjczMC1lY2FhLTExZTYtOGY4OC0zNDM2M2JjN2M0YzAiOnsiY3JlYXRlIjoxMjAwMDAwMDAwMDAsImRlbGV0ZSI6MzAwMDAwMDAwMDAwfX0=",
          "dependencies": [
            "module.network.aws_internet_gateway.gw",
            "module.network.aws_vpc.main"
          ]
        }
      ]
    },
    {
      "module": "module.network",
      "mode": "managed",
      "type": "aws_route_table",
      "name": "private",
      "provider": "provider[\"registry.terraform.io/hashicorp/aws\"]",
      "instances": [
        {
          "index_key": 0,
          "schema_version": 0,
          "attributes": {
            "id": "rtb-06c70327e9344c781",
            "owner_id": "371538638536",
            "propagating_vgws": [],
            "route": [
              {
                "cidr_block": "0.0.0.0/0",
                "egress_only_gateway_id": "",
                "gateway_id": "",
                "instance_id": "",
                "ipv6_cidr_block": "",
                "local_gateway_id": "",
                "nat_gateway_id": "nat-0db35d28cc289ca3b",
                "network_interface_id": "",
                "transit_gateway_id": "",
                "vpc_endpoint_id": "",
                "vpc_peering_connection_id": ""
              }
            ],
            "tags": null,
            "vpc_id": "vpc-0e0b4db802a29b630"
          },
          "sensitive_attributes": [],
          "private": "bnVsbA==",
          "dependencies": [
            "module.network.aws_eip.gw",
            "module.network.aws_internet_gateway.gw",
            "module.network.aws_nat_gateway.gw",
            "module.network.aws_subnet.public",
            "module.network.aws_vpc.main",
            "module.network.data.aws_availability_zones.available"
          ]
        },
        {
          "index_key": 1,
          "schema_version": 0,
          "attributes": {
            "id": "rtb-01e040b529d0f1a8a",
            "owner_id": "371538638536",
            "propagating_vgws": [],
            "route": [
              {
                "cidr_block": "0.0.0.0/0",
                "egress_only_gateway_id": "",
                "gateway_id": "",
                "instance_id": "",
                "ipv6_cidr_block": "",
                "local_gateway_id": "",
                "nat_gateway_id": "nat-0c1da5215a1b4c343",
                "network_interface_id": "",
                "transit_gateway_id": "",
                "vpc_endpoint_id": "",
                "vpc_peering_connection_id": ""
              }
            ],
            "tags": null,
            "vpc_id": "vpc-0e0b4db802a29b630"
          },
          "sensitive_attributes": [],
          "private": "bnVsbA==",
          "dependencies": [
            "module.network.aws_eip.gw",
            "module.network.aws_internet_gateway.gw",
            "module.network.aws_nat_gateway.gw",
            "module.network.aws_subnet.public",
            "module.network.aws_vpc.main",
            "module.network.data.aws_availability_zones.available"
          ]
        }
      ]
    },
    {
      "module": "module.network",
      "mode": "managed",
      "type": "aws_route_table_association",
      "name": "private",
      "provider": "provider[\"registry.terraform.io/hashicorp/aws\"]",
      "instances": [
        {
          "index_key": 0,
          "schema_version": 0,
          "attributes": {
            "gateway_id": null,
            "id": "rtbassoc-015aaf865a8a515bf",
            "route_table_id": "rtb-06c70327e9344c781",
            "subnet_id": "subnet-07aac926203c1970c"
          },
          "sensitive_attributes": [],
          "private": "bnVsbA==",
          "dependencies": [
            "module.network.aws_eip.gw",
            "module.network.aws_internet_gateway.gw",
            "module.network.aws_nat_gateway.gw",
            "module.network.aws_route_table.private",
            "module.network.aws_subnet.private",
            "module.network.aws_subnet.public",
            "module.network.aws_vpc.main",
            "module.network.data.aws_availability_zones.available"
          ]
        },
        {
          "index_key": 1,
          "schema_version": 0,
          "attributes": {
            "gateway_id": null,
            "id": "rtbassoc-0da1d152d9158095e",
            "route_table_id": "rtb-01e040b529d0f1a8a",
            "subnet_id": "subnet-0f607dd188a2390fe"
          },
          "sensitive_attributes": [],
          "private": "bnVsbA==",
          "dependencies": [
            "module.network.aws_eip.gw",
            "module.network.aws_internet_gateway.gw",
            "module.network.aws_nat_gateway.gw",
            "module.network.aws_route_table.private",
            "module.network.aws_subnet.private",
            "module.network.aws_subnet.public",
            "module.network.aws_vpc.main",
            "module.network.data.aws_availability_zones.available"
          ]
        }
      ]
    },
    {
      "module": "module.network",
      "mode": "managed",
      "type": "aws_subnet",
      "name": "private",
      "provider": "provider[\"registry.terraform.io/hashicorp/aws\"]",
      "instances": [
        {
          "index_key": 0,
          "schema_version": 1,
          "attributes": {
            "arn": "arn:aws:ec2:eu-west-2:371538638536:subnet/subnet-07aac926203c1970c",
            "assign_ipv6_address_on_creation": false,
            "availability_zone": "eu-west-2a",
            "availability_zone_id": "euw2-az2",
            "cidr_block": "172.16.0.0/24",
            "id": "subnet-07aac926203c1970c",
            "ipv6_cidr_block": "",
            "ipv6_cidr_block_association_id": "",
            "map_public_ip_on_launch": false,
            "outpost_arn": "",
            "owner_id": "371538638536",
            "tags": {
              "Name": "private-eu-west-2a"
            },
            "timeouts": null,
            "vpc_id": "vpc-0e0b4db802a29b630"
          },
          "sensitive_attributes": [],
          "private": "eyJlMmJmYjczMC1lY2FhLTExZTYtOGY4OC0zNDM2M2JjN2M0YzAiOnsiY3JlYXRlIjo2MDAwMDAwMDAwMDAsImRlbGV0ZSI6MTIwMDAwMDAwMDAwMH0sInNjaGVtYV92ZXJzaW9uIjoiMSJ9",
          "dependencies": [
            "module.network.aws_vpc.main",
            "module.network.data.aws_availability_zones.available"
          ]
        },
        {
          "index_key": 1,
          "schema_version": 1,
          "attributes": {
            "arn": "arn:aws:ec2:eu-west-2:371538638536:subnet/subnet-0f607dd188a2390fe",
            "assign_ipv6_address_on_creation": false,
            "availability_zone": "eu-west-2b",
            "availability_zone_id": "euw2-az3",
            "cidr_block": "172.16.1.0/24",
            "id": "subnet-0f607dd188a2390fe",
            "ipv6_cidr_block": "",
            "ipv6_cidr_block_association_id": "",
            "map_public_ip_on_launch": false,
            "outpost_arn": "",
            "owner_id": "371538638536",
            "tags": {
              "Name": "private-eu-west-2b"
            },
            "timeouts": null,
            "vpc_id": "vpc-0e0b4db802a29b630"
          },
          "sensitive_attributes": [],
          "private": "eyJlMmJmYjczMC1lY2FhLTExZTYtOGY4OC0zNDM2M2JjN2M0YzAiOnsiY3JlYXRlIjo2MDAwMDAwMDAwMDAsImRlbGV0ZSI6MTIwMDAwMDAwMDAwMH0sInNjaGVtYV92ZXJzaW9uIjoiMSJ9",
          "dependencies": [
            "module.network.aws_vpc.main",
            "module.network.data.aws_availability_zones.available"
          ]
        }
      ]
    },
    {
      "module": "module.network",
      "mode": "managed",
      "type": "aws_subnet",
      "name": "public",
      "provider": "provider[\"registry.terraform.io/hashicorp/aws\"]",
      "instances": [
        {
          "index_key": 0,
          "schema_version": 1,
          "attributes": {
            "arn": "arn:aws:ec2:eu-west-2:371538638536:subnet/subnet-01b33d73b91e861da",
            "assign_ipv6_address_on_creation": false,
            "availability_zone": "eu-west-2a",
            "availability_zone_id": "euw2-az2",
            "cidr_block": "172.16.2.0/24",
            "id": "subnet-01b33d73b91e861da",
            "ipv6_cidr_block": "",
            "ipv6_cidr_block_association_id": "",
            "map_public_ip_on_launch": true,
            "outpost_arn": "",
            "owner_id": "371538638536",
            "tags": {
              "Name": "public-eu-west-2a"
            },
            "timeouts": null,
            "vpc_id": "vpc-0e0b4db802a29b630"
          },
          "sensitive_attributes": [],
          "private": "eyJlMmJmYjczMC1lY2FhLTExZTYtOGY4OC0zNDM2M2JjN2M0YzAiOnsiY3JlYXRlIjo2MDAwMDAwMDAwMDAsImRlbGV0ZSI6MTIwMDAwMDAwMDAwMH0sInNjaGVtYV92ZXJzaW9uIjoiMSJ9",
          "dependencies": [
            "module.network.aws_vpc.main",
            "module.network.data.aws_availability_zones.available"
          ]
        }
      ]
    },
    {
      "module": "module.network",
      "mode": "managed",
      "type": "aws_vpc",
      "name": "main",
      "provider": "provider[\"registry.terraform.io/hashicorp/aws\"]",
      "instances": [
        {
          "schema_version": 1,
          "attributes": {
            "arn": "arn:aws:ec2:eu-west-2:371538638536:vpc/vpc-0e0b4db802a29b630",
            "assign_generated_ipv6_cidr_block": false,
            "cidr_block": "172.16.0.0/16",
            "default_network_acl_id": "acl-0e3a8a0f1b1397ca6",
            "default_route_table_id": "rtb-01ddd6102d581195b",
            "default_security_group_id": "sg-0c64d5496ef40b1a2",
            "dhcp_options_id": "dopt-acedbec4",
            "enable_classiclink": null,
            "enable_classiclink_dns_support": null,
            "enable_dns_hostnames": false,
            "enable_dns_support": true,
            "id": "vpc-0e0b4db802a29b630",
            "instance_tenancy": "default",
            "ipv6_association_id": "",
            "ipv6_cidr_block": "",
            "main_route_table_id": "rtb-01ddd6102d581195b",
            "owner_id": "371538638536",
            "tags": {
              "Customer": "Network",
              "Email": "maher.mfayez@gmail.com",
              "Environment": "ci-cd",
              "GithubRepo": "https://github.com/xxx/",
              "Name": "Network",
              "Owner": "Maher Fayez",
              "Product": "Network",
              "Project": "POC"
            }
          },
          "sensitive_attributes": [],
          "private": "eyJzY2hlbWFfdmVyc2lvbiI6IjEifQ=="
        }
      ]
    }
  ]
}
