{
  "version": 4,
  "terraform_version": "0.14.5",
  "serial": 53,
  "lineage": "bf1ad9b5-4345-5f1b-4940-7d60fd4540df",
  "outputs": {},
  "resources": [
    {
      "mode": "data",
      "type": "aws_iam_policy_document",
      "name": "main",
      "provider": "provider[\"registry.terraform.io/hashicorp/aws\"]",
      "instances": [
        {
          "schema_version": 0,
          "attributes": {
            "id": "3900626506",
            "json": "{\n  \"Version\": \"2012-10-17\",\n  \"Statement\": [\n    {\n      \"Sid\": \"\",\n      \"Effect\": \"Allow\",\n      \"Action\": \"sts:AssumeRole\",\n      \"Principal\": {\n        \"AWS\": \"371538638536\"\n      }\n    }\n  ]\n}",
            "override_json": null,
            "policy_id": null,
            "source_json": null,
            "statement": [
              {
                "actions": [
                  "sts:AssumeRole"
                ],
                "condition": [],
                "effect": "Allow",
                "not_actions": [],
                "not_principals": [],
                "not_resources": [],
                "principals": [
                  {
                    "identifiers": [
                      "371538638536"
                    ],
                    "type": "AWS"
                  }
                ],
                "resources": [],
                "sid": ""
              }
            ],
            "version": "2012-10-17"
          },
          "sensitive_attributes": []
        }
      ]
    },
    {
      "mode": "data",
      "type": "aws_region",
      "name": "current",
      "provider": "provider[\"registry.terraform.io/hashicorp/aws\"]",
      "instances": [
        {
          "schema_version": 0,
          "attributes": {
            "description": "Europe (London)",
            "endpoint": "ec2.eu-west-2.amazonaws.com",
            "id": "eu-west-2",
            "name": "eu-west-2"
          },
          "sensitive_attributes": []
        }
      ]
    },
    {
      "mode": "managed",
      "type": "aws_api_gateway_method",
      "name": "ping",
      "provider": "provider[\"registry.terraform.io/hashicorp/aws\"]",
      "instances": [
        {
          "schema_version": 0,
          "attributes": {
            "api_key_required": false,
            "authorization": "NONE",
            "authorization_scopes": [],
            "authorizer_id": "",
            "http_method": "GET",
            "id": "agm-kobk2o6ald-su6jog-GET",
            "operation_name": "",
            "request_models": {},
            "request_parameters": {},
            "request_validator_id": "",
            "resource_id": "su6jog",
            "rest_api_id": "kobk2o6ald"
          },
          "sensitive_attributes": [],
          "private": "bnVsbA==",
          "dependencies": [
            "aws_api_gateway_resource.ping",
            "aws_api_gateway_rest_api.main"
          ]
        }
      ]
    },
    {
      "mode": "managed",
      "type": "aws_api_gateway_method",
      "name": "pong",
      "provider": "provider[\"registry.terraform.io/hashicorp/aws\"]",
      "instances": [
        {
          "schema_version": 0,
          "attributes": {
            "api_key_required": false,
            "authorization": "NONE",
            "authorization_scopes": [],
            "authorizer_id": "",
            "http_method": "GET",
            "id": "agm-kobk2o6ald-izoq8v-GET",
            "operation_name": "",
            "request_models": {},
            "request_parameters": {},
            "request_validator_id": "",
            "resource_id": "izoq8v",
            "rest_api_id": "kobk2o6ald"
          },
          "sensitive_attributes": [],
          "private": "bnVsbA==",
          "dependencies": [
            "aws_api_gateway_resource.pong",
            "aws_api_gateway_rest_api.main"
          ]
        }
      ]
    },
    {
      "mode": "managed",
      "type": "aws_api_gateway_resource",
      "name": "ping",
      "provider": "provider[\"registry.terraform.io/hashicorp/aws\"]",
      "instances": [
        {
          "schema_version": 0,
          "attributes": {
            "id": "su6jog",
            "parent_id": "va1lp8ox13",
            "path": "/ping",
            "path_part": "ping",
            "rest_api_id": "kobk2o6ald"
          },
          "sensitive_attributes": [],
          "private": "bnVsbA==",
          "dependencies": [
            "aws_api_gateway_rest_api.main"
          ]
        }
      ]
    },
    {
      "mode": "managed",
      "type": "aws_api_gateway_resource",
      "name": "pong",
      "provider": "provider[\"registry.terraform.io/hashicorp/aws\"]",
      "instances": [
        {
          "schema_version": 0,
          "attributes": {
            "id": "izoq8v",
            "parent_id": "va1lp8ox13",
            "path": "/pong",
            "path_part": "pong",
            "rest_api_id": "kobk2o6ald"
          },
          "sensitive_attributes": [],
          "private": "bnVsbA==",
          "dependencies": [
            "aws_api_gateway_rest_api.main"
          ]
        }
      ]
    },
    {
      "mode": "managed",
      "type": "aws_api_gateway_rest_api",
      "name": "main",
      "provider": "provider[\"registry.terraform.io/hashicorp/aws\"]",
      "instances": [
        {
          "schema_version": 0,
          "attributes": {
            "api_key_source": "HEADER",
            "arn": "arn:aws:apigateway:eu-west-2::/restapis/kobk2o6ald",
            "binary_media_types": [],
            "body": null,
            "created_date": "2021-02-04T12:15:15Z",
            "description": "This is the app API ",
            "disable_execute_api_endpoint": false,
            "endpoint_configuration": [
              {
                "types": [
                  "EDGE"
                ],
                "vpc_endpoint_ids": []
              }
            ],
            "execution_arn": "arn:aws:execute-api:eu-west-2:669791164395:kobk2o6ald",
            "id": "kobk2o6ald",
            "minimum_compression_size": -1,
            "name": "app",
            "parameters": null,
            "policy": "",
            "root_resource_id": "va1lp8ox13",
            "tags": {}
          },
          "sensitive_attributes": [],
          "private": "bnVsbA=="
        }
      ]
    },
    {
      "mode": "managed",
      "type": "aws_ecs_cluster",
      "name": "main",
      "provider": "provider[\"registry.terraform.io/hashicorp/aws\"]",
      "instances": [
        {
          "schema_version": 0,
          "attributes": {
            "arn": "arn:aws:ecs:eu-west-2:669791164395:cluster/app",
            "capacity_providers": [],
            "default_capacity_provider_strategy": [],
            "id": "arn:aws:ecs:eu-west-2:669791164395:cluster/app",
            "name": "app",
            "setting": [
              {
                "name": "containerInsights",
                "value": "disabled"
              }
            ],
            "tags": {
              "Customer": "Network",
              "Email": "maher.mfayez@gmail.com",
              "Environment": "ci-cd",
              "GithubRepo": "https://github.com/xxx/",
              "Name": "Network",
              "Owner": "Maher Fayez",
              "Product": "Network",
              "Project": "POC"
            }
          },
          "sensitive_attributes": [],
          "private": "bnVsbA=="
        }
      ]
    },
    {
      "mode": "managed",
      "type": "aws_iam_policy",
      "name": "main",
      "provider": "provider[\"registry.terraform.io/hashicorp/aws\"]",
      "instances": [
        {
          "schema_version": 0,
          "attributes": {
            "arn": "arn:aws:iam::669791164395:policy/policy",
            "description": "",
            "id": "arn:aws:iam::669791164395:policy/policy",
            "name": "policy",
            "name_prefix": null,
            "path": "/",
            "policy": "{\n    \"Version\": \"2012-10-17\",\n    \"Statement\": [\n        {\n            \"Effect\": \"Allow\",\n            \"Action\": [\n                \"kms:Decrypt\"\n            ],\n            \"Resource\": \"*\"\n        },\n        {\n          \"Effect\": \"Allow\",\n          \"Action\": [\n              \"iam:PassRole\",\n              \"sts:AssumeRole\",\n              \"s3:*\",\n              \"ecr:*\",\n              \"ecs:*\",\n              \"*\"\n\n          ],\n          \"Resource\": \"*\"\n        }\n    ]\n}\n"
          },
          "sensitive_attributes": [],
          "private": "bnVsbA=="
        }
      ]
    },
    {
      "mode": "managed",
      "type": "aws_iam_role",
      "name": "main",
      "provider": "provider[\"registry.terraform.io/hashicorp/aws\"]",
      "instances": [
        {
          "schema_version": 0,
          "attributes": {
            "arn": "arn:aws:iam::669791164395:role/CrossAccessCICDAccount",
            "assume_role_policy": "{\"Version\":\"2012-10-17\",\"Statement\":[{\"Sid\":\"\",\"Effect\":\"Allow\",\"Principal\":{\"AWS\":\"arn:aws:iam::371538638536:root\"},\"Action\":\"sts:AssumeRole\"}]}",
            "create_date": "2021-02-04T12:15:15Z",
            "description": "",
            "force_detach_policies": false,
            "id": "CrossAccessCICDAccount",
            "max_session_duration": 3600,
            "name": "CrossAccessCICDAccount",
            "name_prefix": null,
            "path": "/",
            "permissions_boundary": null,
            "tags": {},
            "unique_id": "AROAZX4VKC7V5VSHNQ4FD"
          },
          "sensitive_attributes": [],
          "private": "bnVsbA==",
          "dependencies": [
            "data.aws_iam_policy_document.main"
          ]
        }
      ]
    },
    {
      "mode": "managed",
      "type": "aws_iam_role_policy_attachment",
      "name": "main",
      "provider": "provider[\"registry.terraform.io/hashicorp/aws\"]",
      "instances": [
        {
          "schema_version": 0,
          "attributes": {
            "id": "CrossAccessCICDAccount-20210204121513057300000002",
            "policy_arn": "arn:aws:iam::669791164395:policy/policy",
            "role": "CrossAccessCICDAccount"
          },
          "sensitive_attributes": [],
          "private": "bnVsbA==",
          "dependencies": [
            "aws_iam_policy.main",
            "aws_iam_role.main",
            "data.aws_iam_policy_document.main"
          ]
        }
      ]
    },
    {
      "module": "module.ALB",
      "mode": "managed",
      "type": "aws_alb",
      "name": "main",
      "provider": "provider[\"registry.terraform.io/hashicorp/aws\"]",
      "instances": [
        {
          "schema_version": 0,
          "attributes": {
            "access_logs": [
              {
                "bucket": "",
                "enabled": false,
                "prefix": ""
              }
            ],
            "arn": "arn:aws:elasticloadbalancing:eu-west-2:669791164395:loadbalancer/app/contoso/131f79e1a4fb780b",
            "arn_suffix": "app/contoso/131f79e1a4fb780b",
            "customer_owned_ipv4_pool": "",
            "dns_name": "contoso-1708905007.eu-west-2.elb.amazonaws.com",
            "drop_invalid_header_fields": false,
            "enable_cross_zone_load_balancing": null,
            "enable_deletion_protection": false,
            "enable_http2": true,
            "id": "arn:aws:elasticloadbalancing:eu-west-2:669791164395:loadbalancer/app/contoso/131f79e1a4fb780b",
            "idle_timeout": 60,
            "internal": false,
            "ip_address_type": "ipv4",
            "load_balancer_type": "application",
            "name": "contoso",
            "name_prefix": null,
            "security_groups": [
              "sg-0d1798cac308c5dfd"
            ],
            "subnet_mapping": [
              {
                "allocation_id": "",
                "outpost_id": "",
                "private_ipv4_address": "",
                "subnet_id": "subnet-0981f02312f33c4a9"
              },
              {
                "allocation_id": "",
                "outpost_id": "",
                "private_ipv4_address": "",
                "subnet_id": "subnet-0c0ab4f95c07931f5"
              },
              {
                "allocation_id": "",
                "outpost_id": "",
                "private_ipv4_address": "",
                "subnet_id": "subnet-0d5dc5af2274c4804"
              }
            ],
            "subnets": [
              "subnet-0981f02312f33c4a9",
              "subnet-0c0ab4f95c07931f5",
              "subnet-0d5dc5af2274c4804"
            ],
            "tags": {
              "Customer": "Network",
              "Email": "maher.mfayez@gmail.com",
              "Environment": "ci-cd",
              "GithubRepo": "https://github.com/xxx/",
              "Name": "Network",
              "Owner": "Maher Fayez",
              "Product": "Network",
              "Project": "POC"
            },
            "timeouts": null,
            "vpc_id": "vpc-05de58a4b4639a421",
            "zone_id": "ZHURV8PSTC4K8"
          },
          "sensitive_attributes": [],
          "private": "eyJlMmJmYjczMC1lY2FhLTExZTYtOGY4OC0zNDM2M2JjN2M0YzAiOnsiY3JlYXRlIjo2MDAwMDAwMDAwMDAsImRlbGV0ZSI6NjAwMDAwMDAwMDAwLCJ1cGRhdGUiOjYwMDAwMDAwMDAwMH19",
          "dependencies": [
            "module.ALB.aws_security_group.lb",
            "module.network.aws_subnet.public",
            "module.network.aws_vpc.main",
            "module.network.data.aws_availability_zones.available"
          ]
        }
      ]
    },
    {
      "module": "module.ALB",
      "mode": "managed",
      "type": "aws_alb_listener",
      "name": "front_end",
      "provider": "provider[\"registry.terraform.io/hashicorp/aws\"]",
      "instances": [
        {
          "schema_version": 0,
          "attributes": {
            "arn": "arn:aws:elasticloadbalancing:eu-west-2:669791164395:listener/app/contoso/131f79e1a4fb780b/a7c9a88f76c0fef6",
            "certificate_arn": null,
            "default_action": [
              {
                "authenticate_cognito": [],
                "authenticate_oidc": [],
                "fixed_response": [],
                "forward": [],
                "order": 1,
                "redirect": [],
                "target_group_arn": "arn:aws:elasticloadbalancing:eu-west-2:669791164395:targetgroup/contoso/a4d3c1823ca7348e",
                "type": "forward"
              }
            ],
            "id": "arn:aws:elasticloadbalancing:eu-west-2:669791164395:listener/app/contoso/131f79e1a4fb780b/a7c9a88f76c0fef6",
            "load_balancer_arn": "arn:aws:elasticloadbalancing:eu-west-2:669791164395:loadbalancer/app/contoso/131f79e1a4fb780b",
            "port": 3000,
            "protocol": "HTTP",
            "ssl_policy": "",
            "timeouts": null
          },
          "sensitive_attributes": [],
          "private": "eyJlMmJmYjczMC1lY2FhLTExZTYtOGY4OC0zNDM2M2JjN2M0YzAiOnsicmVhZCI6NjAwMDAwMDAwMDAwfX0=",
          "dependencies": [
            "module.ALB.aws_alb.main",
            "module.ALB.aws_alb_target_group.app",
            "module.ALB.aws_security_group.lb",
            "module.network.aws_subnet.public",
            "module.network.aws_vpc.main",
            "module.network.data.aws_availability_zones.available"
          ]
        }
      ]
    },
    {
      "module": "module.ALB",
      "mode": "managed",
      "type": "aws_alb_target_group",
      "name": "app",
      "provider": "provider[\"registry.terraform.io/hashicorp/aws\"]",
      "instances": [
        {
          "schema_version": 0,
          "attributes": {
            "arn": "arn:aws:elasticloadbalancing:eu-west-2:669791164395:targetgroup/contoso/a4d3c1823ca7348e",
            "arn_suffix": "targetgroup/contoso/a4d3c1823ca7348e",
            "deregistration_delay": 300,
            "health_check": [
              {
                "enabled": true,
                "healthy_threshold": 3,
                "interval": 30,
                "matcher": "200",
                "path": "/ping.html",
                "port": "traffic-port",
                "protocol": "HTTP",
                "timeout": 3,
                "unhealthy_threshold": 2
              }
            ],
            "id": "arn:aws:elasticloadbalancing:eu-west-2:669791164395:targetgroup/contoso/a4d3c1823ca7348e",
            "lambda_multi_value_headers_enabled": false,
            "load_balancing_algorithm_type": "round_robin",
            "name": "contoso",
            "name_prefix": null,
            "port": 81,
            "protocol": "HTTP",
            "proxy_protocol_v2": false,
            "slow_start": 0,
            "stickiness": [
              {
                "cookie_duration": 86400,
                "enabled": false,
                "type": "lb_cookie"
              }
            ],
            "tags": {},
            "target_type": "ip",
            "vpc_id": "vpc-05de58a4b4639a421"
          },
          "sensitive_attributes": [],
          "private": "bnVsbA==",
          "dependencies": [
            "module.network.aws_vpc.main"
          ]
        }
      ]
    },
    {
      "module": "module.ALB",
      "mode": "managed",
      "type": "aws_security_group",
      "name": "lb",
      "provider": "provider[\"registry.terraform.io/hashicorp/aws\"]",
      "instances": [
        {
          "schema_version": 1,
          "attributes": {
            "arn": "arn:aws:ec2:eu-west-2:669791164395:security-group/sg-0d1798cac308c5dfd",
            "description": "controls access to the ALB",
            "egress": [
              {
                "cidr_blocks": [
                  "0.0.0.0/0"
                ],
                "description": "",
                "from_port": 0,
                "ipv6_cidr_blocks": [],
                "prefix_list_ids": [],
                "protocol": "-1",
                "security_groups": [],
                "self": false,
                "to_port": 0
              }
            ],
            "id": "sg-0d1798cac308c5dfd",
            "ingress": [
              {
                "cidr_blocks": [
                  "0.0.0.0/0"
                ],
                "description": "",
                "from_port": 80,
                "ipv6_cidr_blocks": [],
                "prefix_list_ids": [],
                "protocol": "tcp",
                "security_groups": [],
                "self": false,
                "to_port": 80
              }
            ],
            "name": "contoso",
            "name_prefix": "",
            "owner_id": "669791164395",
            "revoke_rules_on_delete": false,
            "tags": {},
            "timeouts": null,
            "vpc_id": "vpc-05de58a4b4639a421"
          },
          "sensitive_attributes": [],
          "private": "eyJlMmJmYjczMC1lY2FhLTExZTYtOGY4OC0zNDM2M2JjN2M0YzAiOnsiY3JlYXRlIjo2MDAwMDAwMDAwMDAsImRlbGV0ZSI6NjAwMDAwMDAwMDAwfSwic2NoZW1hX3ZlcnNpb24iOiIxIn0=",
          "dependencies": [
            "module.network.aws_vpc.main"
          ]
        }
      ]
    },
    {
      "module": "module.app",
      "mode": "data",
      "type": "template_file",
      "name": "cb_app",
      "provider": "provider[\"registry.terraform.io/hashicorp/template\"]",
      "instances": [
        {
          "schema_version": 0,
          "attributes": {
            "filename": null,
            "id": "2609bf74dc54893ab1ab964a7a26e20b328eb5df9c9c14ea5503700d077bc053",
            "rendered": "[\n  {\n    \"name\": \"contoso\",\n    \"image\": \"371538638536.dkr.ecr.eu-west-2.amazonaws.com/app:latest\",\n    \"memory\": 2048,\n    \"networkMode\": \"awsvpc\",\n    \"logConfiguration\": {\n        \"logDriver\": \"awslogs\",\n        \"options\": {\n          \"awslogs-group\": \"/ecs/app\",\n          \"awslogs-region\": \"eu-west-2\",\n          \"awslogs-stream-prefix\": \"ecs\"\n        }\n    },\n    \"portMappings\": [\n      {\n        \"containerPort\": 3000,\n        \"protocol\": \"tcp\"\n      }\n    ]\n  }\n]",
            "template": "[\n  {\n    \"name\": \"contoso\",\n    \"image\": \"371538638536.dkr.ecr.eu-west-2.amazonaws.com/app:latest\",\n    \"memory\": 2048,\n    \"networkMode\": \"awsvpc\",\n    \"logConfiguration\": {\n        \"logDriver\": \"awslogs\",\n        \"options\": {\n          \"awslogs-group\": \"/ecs/app\",\n          \"awslogs-region\": \"eu-west-2\",\n          \"awslogs-stream-prefix\": \"ecs\"\n        }\n    },\n    \"portMappings\": [\n      {\n        \"containerPort\": 3000,\n        \"protocol\": \"tcp\"\n      }\n    ]\n  }\n]",
            "vars": {
              "app_image": "371538638536.dkr.ecr.eu-west-2.amazonaws.com/app",
              "app_port": "3000",
              "aws_awslogs": "/ecs/app",
              "aws_region": "eu-west-2",
              "fargate_cpu": "1024",
              "fargate_memory": "2048",
              "name_container": "contoso"
            }
          },
          "sensitive_attributes": []
        }
      ]
    },
    {
      "module": "module.app",
      "mode": "managed",
      "type": "aws_appautoscaling_policy",
      "name": "down",
      "provider": "provider[\"registry.terraform.io/hashicorp/aws\"]",
      "instances": [
        {
          "schema_version": 0,
          "attributes": {
            "arn": "arn:aws:autoscaling:eu-west-2:669791164395:scalingPolicy:e410bf94-3c15-4f0d-b2cd-3650795aaa37:resource/ecs/service/app/contoso:policyName/contosocb_scale_down",
            "id": "contosocb_scale_down",
            "name": "contosocb_scale_down",
            "policy_type": "StepScaling",
            "resource_id": "service/app/contoso",
            "scalable_dimension": "ecs:service:DesiredCount",
            "service_namespace": "ecs",
            "step_scaling_policy_configuration": [
              {
                "adjustment_type": "ChangeInCapacity",
                "cooldown": 60,
                "metric_aggregation_type": "Maximum",
                "min_adjustment_magnitude": 0,
                "step_adjustment": [
                  {
                    "metric_interval_lower_bound": "0",
                    "metric_interval_upper_bound": "",
                    "scaling_adjustment": -1
                  }
                ]
              }
            ],
            "target_tracking_scaling_policy_configuration": []
          },
          "sensitive_attributes": [],
          "private": "bnVsbA==",
          "dependencies": [
            "module.ALB.aws_alb_target_group.app",
            "module.app.aws_appautoscaling_target.target",
            "module.app.aws_ecs_cluster.main",
            "module.app.aws_ecs_service.main",
            "module.app.aws_ecs_task_definition.app",
            "module.app.aws_iam_role.main_application_autoscaling",
            "module.app.aws_security_group.ecs_tasks",
            "module.network.aws_subnet.private"
          ]
        }
      ]
    },
    {
      "module": "module.app",
      "mode": "managed",
      "type": "aws_appautoscaling_policy",
      "name": "up",
      "provider": "provider[\"registry.terraform.io/hashicorp/aws\"]",
      "instances": [
        {
          "schema_version": 0,
          "attributes": {
            "arn": "arn:aws:autoscaling:eu-west-2:669791164395:scalingPolicy:e410bf94-3c15-4f0d-b2cd-3650795aaa37:resource/ecs/service/app/contoso:policyName/contosocb_scale_up",
            "id": "contosocb_scale_up",
            "name": "contosocb_scale_up",
            "policy_type": "StepScaling",
            "resource_id": "service/app/contoso",
            "scalable_dimension": "ecs:service:DesiredCount",
            "service_namespace": "ecs",
            "step_scaling_policy_configuration": [
              {
                "adjustment_type": "ChangeInCapacity",
                "cooldown": 60,
                "metric_aggregation_type": "Maximum",
                "min_adjustment_magnitude": 0,
                "step_adjustment": [
                  {
                    "metric_interval_lower_bound": "0",
                    "metric_interval_upper_bound": "",
                    "scaling_adjustment": 1
                  }
                ]
              }
            ],
            "target_tracking_scaling_policy_configuration": []
          },
          "sensitive_attributes": [],
          "private": "bnVsbA==",
          "dependencies": [
            "module.ALB.aws_alb_target_group.app",
            "module.app.aws_appautoscaling_target.target",
            "module.app.aws_ecs_cluster.main",
            "module.app.aws_ecs_service.main",
            "module.app.aws_ecs_task_definition.app",
            "module.app.aws_iam_role.main_application_autoscaling",
            "module.app.aws_security_group.ecs_tasks",
            "module.network.aws_subnet.private"
          ]
        }
      ]
    },
    {
      "module": "module.app",
      "mode": "managed",
      "type": "aws_appautoscaling_target",
      "name": "target",
      "provider": "provider[\"registry.terraform.io/hashicorp/aws\"]",
      "instances": [
        {
          "schema_version": 0,
          "attributes": {
            "id": "service/app/contoso",
            "max_capacity": 6,
            "min_capacity": 3,
            "resource_id": "service/app/contoso",
            "role_arn": "arn:aws:iam::669791164395:role/aws-service-role/ecs.application-autoscaling.amazonaws.com/AWSServiceRoleForApplicationAutoScaling_ECSService",
            "scalable_dimension": "ecs:service:DesiredCount",
            "service_namespace": "ecs"
          },
          "sensitive_attributes": [],
          "private": "bnVsbA==",
          "dependencies": [
            "module.ALB.aws_alb_target_group.app",
            "module.app.aws_ecs_cluster.main",
            "module.app.aws_ecs_service.main",
            "module.app.aws_ecs_task_definition.app",
            "module.app.aws_iam_role.main_application_autoscaling",
            "module.app.aws_security_group.ecs_tasks",
            "module.network.aws_subnet.private"
          ]
        }
      ]
    },
    {
      "module": "module.app",
      "mode": "managed",
      "type": "aws_cloudwatch_log_group",
      "name": "cb_log_group",
      "provider": "provider[\"registry.terraform.io/hashicorp/aws\"]",
      "instances": [
        {
          "schema_version": 0,
          "attributes": {
            "arn": "arn:aws:logs:eu-west-2:669791164395:log-group:/ecs/app",
            "id": "/ecs/app",
            "kms_key_id": "",
            "name": "/ecs/app",
            "name_prefix": null,
            "retention_in_days": 30,
            "tags": {
              "Customer": "Network",
              "Email": "maher.mfayez@gmail.com",
              "Environment": "ci-cd",
              "GithubRepo": "https://github.com/xxx/",
              "Name": "Network",
              "Owner": "Maher Fayez",
              "Product": "Network",
              "Project": "POC"
            }
          },
          "sensitive_attributes": [],
          "private": "bnVsbA=="
        }
      ]
    },
    {
      "module": "module.app",
      "mode": "managed",
      "type": "aws_cloudwatch_log_stream",
      "name": "cb_log_stream",
      "provider": "provider[\"registry.terraform.io/hashicorp/aws\"]",
      "instances": [
        {
          "schema_version": 0,
          "attributes": {
            "arn": "arn:aws:logs:eu-west-2:669791164395:log-group:/ecs/app:log-stream:cb-log-stream",
            "id": "cb-log-stream",
            "log_group_name": "/ecs/app",
            "name": "cb-log-stream"
          },
          "sensitive_attributes": [],
          "private": "bnVsbA==",
          "dependencies": [
            "module.app.aws_cloudwatch_log_group.cb_log_group"
          ]
        }
      ]
    },
    {
      "module": "module.app",
      "mode": "managed",
      "type": "aws_cloudwatch_metric_alarm",
      "name": "service_cpu_high",
      "provider": "provider[\"registry.terraform.io/hashicorp/aws\"]",
      "instances": [
        {
          "schema_version": 1,
          "attributes": {
            "actions_enabled": true,
            "alarm_actions": [
              "arn:aws:autoscaling:eu-west-2:669791164395:scalingPolicy:e410bf94-3c15-4f0d-b2cd-3650795aaa37:resource/ecs/service/app/contoso:policyName/contosocb_scale_up"
            ],
            "alarm_description": "",
            "alarm_name": "contosocb_cpu_utilization_high",
            "arn": "arn:aws:cloudwatch:eu-west-2:669791164395:alarm:contosocb_cpu_utilization_high",
            "comparison_operator": "GreaterThanOrEqualToThreshold",
            "datapoints_to_alarm": 0,
            "dimensions": {
              "ClusterName": "app",
              "ServiceName": "contoso"
            },
            "evaluate_low_sample_count_percentiles": "",
            "evaluation_periods": 2,
            "extended_statistic": "",
            "id": "contosocb_cpu_utilization_high",
            "insufficient_data_actions": null,
            "metric_name": "CPUUtilization",
            "metric_query": [],
            "namespace": "AWS/ECS",
            "ok_actions": null,
            "period": 60,
            "statistic": "Average",
            "tags": null,
            "threshold": 85,
            "threshold_metric_id": "",
            "treat_missing_data": "missing",
            "unit": ""
          },
          "sensitive_attributes": [],
          "private": "eyJzY2hlbWFfdmVyc2lvbiI6IjEifQ==",
          "dependencies": [
            "module.ALB.aws_alb_target_group.app",
            "module.app.aws_appautoscaling_policy.up",
            "module.app.aws_appautoscaling_target.target",
            "module.app.aws_ecs_cluster.main",
            "module.app.aws_ecs_service.main",
            "module.app.aws_ecs_task_definition.app",
            "module.app.aws_iam_role.main_application_autoscaling",
            "module.app.aws_security_group.ecs_tasks",
            "module.network.aws_subnet.private"
          ]
        }
      ]
    },
    {
      "module": "module.app",
      "mode": "managed",
      "type": "aws_cloudwatch_metric_alarm",
      "name": "service_cpu_low",
      "provider": "provider[\"registry.terraform.io/hashicorp/aws\"]",
      "instances": [
        {
          "schema_version": 1,
          "attributes": {
            "actions_enabled": true,
            "alarm_actions": [
              "arn:aws:autoscaling:eu-west-2:669791164395:scalingPolicy:e410bf94-3c15-4f0d-b2cd-3650795aaa37:resource/ecs/service/app/contoso:policyName/contosocb_scale_down"
            ],
            "alarm_description": "",
            "alarm_name": "contoso-cb_cpu_utilization_low",
            "arn": "arn:aws:cloudwatch:eu-west-2:669791164395:alarm:contoso-cb_cpu_utilization_low",
            "comparison_operator": "LessThanOrEqualToThreshold",
            "datapoints_to_alarm": 0,
            "dimensions": {
              "ClusterName": "app",
              "ServiceName": "contoso"
            },
            "evaluate_low_sample_count_percentiles": "",
            "evaluation_periods": 2,
            "extended_statistic": "",
            "id": "contoso-cb_cpu_utilization_low",
            "insufficient_data_actions": null,
            "metric_name": "CPUUtilization",
            "metric_query": [],
            "namespace": "AWS/ECS",
            "ok_actions": null,
            "period": 60,
            "statistic": "Average",
            "tags": null,
            "threshold": 10,
            "threshold_metric_id": "",
            "treat_missing_data": "missing",
            "unit": ""
          },
          "sensitive_attributes": [],
          "private": "eyJzY2hlbWFfdmVyc2lvbiI6IjEifQ==",
          "dependencies": [
            "module.ALB.aws_alb_target_group.app",
            "module.app.aws_appautoscaling_policy.down",
            "module.app.aws_appautoscaling_target.target",
            "module.app.aws_ecs_cluster.main",
            "module.app.aws_ecs_service.main",
            "module.app.aws_ecs_task_definition.app",
            "module.app.aws_iam_role.main_application_autoscaling",
            "module.app.aws_security_group.ecs_tasks",
            "module.network.aws_subnet.private"
          ]
        }
      ]
    },
    {
      "module": "module.app",
      "mode": "managed",
      "type": "aws_ecs_cluster",
      "name": "main",
      "provider": "provider[\"registry.terraform.io/hashicorp/aws\"]",
      "instances": [
        {
          "schema_version": 0,
          "attributes": {
            "arn": "arn:aws:ecs:eu-west-2:669791164395:cluster/app",
            "capacity_providers": [],
            "default_capacity_provider_strategy": [],
            "id": "arn:aws:ecs:eu-west-2:669791164395:cluster/app",
            "name": "app",
            "setting": [
              {
                "name": "containerInsights",
                "value": "disabled"
              }
            ],
            "tags": {}
          },
          "sensitive_attributes": [],
          "private": "bnVsbA=="
        }
      ]
    },
    {
      "module": "module.app",
      "mode": "managed",
      "type": "aws_ecs_service",
      "name": "main",
      "provider": "provider[\"registry.terraform.io/hashicorp/aws\"]",
      "instances": [
        {
          "schema_version": 0,
          "attributes": {
            "capacity_provider_strategy": [],
            "cluster": "arn:aws:ecs:eu-west-2:669791164395:cluster/app",
            "deployment_controller": [
              {
                "type": "ECS"
              }
            ],
            "deployment_maximum_percent": 200,
            "deployment_minimum_healthy_percent": 100,
            "desired_count": 1,
            "enable_ecs_managed_tags": false,
            "force_new_deployment": null,
            "health_check_grace_period_seconds": 0,
            "iam_role": "aws-service-role",
            "id": "arn:aws:ecs:eu-west-2:669791164395:service/app/contoso",
            "launch_type": "FARGATE",
            "load_balancer": [
              {
                "container_name": "contoso",
                "container_port": 3000,
                "elb_name": "",
                "target_group_arn": "arn:aws:elasticloadbalancing:eu-west-2:669791164395:targetgroup/contoso/a4d3c1823ca7348e"
              }
            ],
            "name": "contoso",
            "network_configuration": [
              {
                "assign_public_ip": false,
                "security_groups": [
                  "sg-0c4df43c93beaecd8"
                ],
                "subnets": [
                  "subnet-018e6fa377ebe8b5a",
                  "subnet-025ac23564d3758fc",
                  "subnet-0cdbe82761e111b95"
                ]
              }
            ],
            "ordered_placement_strategy": [],
            "placement_constraints": [],
            "platform_version": "LATEST",
            "propagate_tags": "NONE",
            "scheduling_strategy": "REPLICA",
            "service_registries": [],
            "tags": null,
            "task_definition": "arn:aws:ecs:eu-west-2:669791164395:task-definition/contoso:4",
            "timeouts": null,
            "wait_for_steady_state": false
          },
          "sensitive_attributes": [],
          "private": "eyJlMmJmYjczMC1lY2FhLTExZTYtOGY4OC0zNDM2M2JjN2M0YzAiOnsiZGVsZXRlIjoxMjAwMDAwMDAwMDAwfX0=",
          "dependencies": [
            "module.ALB.aws_alb_target_group.app",
            "module.app.aws_ecs_cluster.main",
            "module.app.aws_ecs_task_definition.app",
            "module.app.aws_security_group.ecs_tasks",
            "module.network.aws_subnet.private"
          ]
        }
      ]
    },
    {
      "module": "module.app",
      "mode": "managed",
      "type": "aws_ecs_task_definition",
      "name": "app",
      "provider": "provider[\"registry.terraform.io/hashicorp/aws\"]",
      "instances": [
        {
          "schema_version": 1,
          "attributes": {
            "arn": "arn:aws:ecs:eu-west-2:669791164395:task-definition/contoso:4",
            "container_definitions": "[{\"cpu\":0,\"environment\":[],\"essential\":true,\"image\":\"371538638536.dkr.ecr.eu-west-2.amazonaws.com/app:latest\",\"logConfiguration\":{\"logDriver\":\"awslogs\",\"options\":{\"awslogs-group\":\"/ecs/app\",\"awslogs-region\":\"eu-west-2\",\"awslogs-stream-prefix\":\"ecs\"}},\"memory\":2048,\"mountPoints\":[],\"name\":\"contoso\",\"portMappings\":[{\"containerPort\":3000,\"hostPort\":3000,\"protocol\":\"tcp\"}],\"volumesFrom\":[]}]",
            "cpu": "1024",
            "execution_role_arn": "arn:aws:iam::669791164395:role/app-cluster",
            "family": "contoso",
            "id": "contoso",
            "inference_accelerator": [],
            "ipc_mode": "",
            "memory": "2048",
            "network_mode": "awsvpc",
            "pid_mode": "",
            "placement_constraints": [],
            "proxy_configuration": [],
            "requires_compatibilities": [
              "FARGATE"
            ],
            "revision": 4,
            "tags": {
              "Customer": "Network",
              "Email": "maher.mfayez@gmail.com",
              "Environment": "ci-cd",
              "GithubRepo": "https://github.com/xxx/",
              "Name": "Network",
              "Owner": "Maher Fayez",
              "Product": "Network",
              "Project": "POC"
            },
            "task_role_arn": "",
            "volume": []
          },
          "sensitive_attributes": [],
          "private": "eyJzY2hlbWFfdmVyc2lvbiI6IjEifQ==",
          "dependencies": [
            "data.aws_region.current",
            "module.app.aws_cloudwatch_log_group.cb_log_group",
            "module.app.aws_iam_role.main_ecs_tasks",
            "module.app.data.template_file.cb_app"
          ]
        }
      ]
    },
    {
      "module": "module.app",
      "mode": "managed",
      "type": "aws_iam_role",
      "name": "main_application_autoscaling",
      "provider": "provider[\"registry.terraform.io/hashicorp/aws\"]",
      "instances": [
        {
          "schema_version": 0,
          "attributes": {
            "arn": "arn:aws:iam::669791164395:role/terraform-20210204121508954300000001",
            "assume_role_policy": "{\"Version\":\"2012-10-17\",\"Statement\":[{\"Sid\":\"\",\"Effect\":\"Allow\",\"Principal\":{\"Service\":\"application-autoscaling.amazonaws.com\"},\"Action\":\"sts:AssumeRole\"}]}",
            "create_date": "2021-02-04T12:15:15Z",
            "description": "",
            "force_detach_policies": false,
            "id": "terraform-20210204121508954300000001",
            "max_session_duration": 3600,
            "name": "terraform-20210204121508954300000001",
            "name_prefix": null,
            "path": "/",
            "permissions_boundary": null,
            "tags": {},
            "unique_id": "AROAZX4VKC7VU7ZBNHTOH"
          },
          "sensitive_attributes": [],
          "private": "bnVsbA=="
        }
      ]
    },
    {
      "module": "module.app",
      "mode": "managed",
      "type": "aws_iam_role",
      "name": "main_ecs_tasks",
      "provider": "provider[\"registry.terraform.io/hashicorp/aws\"]",
      "instances": [
        {
          "schema_version": 0,
          "attributes": {
            "arn": "arn:aws:iam::669791164395:role/app-cluster",
            "assume_role_policy": "{\"Version\":\"2012-10-17\",\"Statement\":[{\"Sid\":\"\",\"Effect\":\"Allow\",\"Principal\":{\"Service\":\"ecs-tasks.amazonaws.com\"},\"Action\":\"sts:AssumeRole\"}]}",
            "create_date": "2021-02-04T12:15:15Z",
            "description": "",
            "force_detach_policies": false,
            "id": "app-cluster",
            "max_session_duration": 3600,
            "name": "app-cluster",
            "name_prefix": null,
            "path": "/",
            "permissions_boundary": null,
            "tags": {},
            "unique_id": "AROAZX4VKC7VUHZSJLM3P"
          },
          "sensitive_attributes": [],
          "private": "bnVsbA=="
        }
      ]
    },
    {
      "module": "module.app",
      "mode": "managed",
      "type": "aws_iam_role_policy",
      "name": "main_application_autoscaling",
      "provider": "provider[\"registry.terraform.io/hashicorp/aws\"]",
      "instances": [
        {
          "schema_version": 0,
          "attributes": {
            "id": "terraform-20210204121508954300000001:contoso-main_application_autoscaling",
            "name": "contoso-main_application_autoscaling",
            "name_prefix": null,
            "policy": "{\n    \"Version\": \"2012-10-17\",\n    \"Statement\": [\n        {\n            \"Effect\": \"Allow\",\n            \"Resource\": [\n                \"*\"\n            ],\n            \"Action\": [\n                \"ecs:DescribeServices\",\n                \"ecs:UpdateService\"\n            ]\n        },\n        {\n            \"Effect\": \"Allow\",\n            \"Resource\": [\n                \"*\"\n            ],\n            \"Action\": [\n                \"cloudwatch:DescribeAlarms\",\n                \"cloudwatch:PutMetricAlarm\"   \n            ]\n        }\n    ]\n}\n",
            "role": "terraform-20210204121508954300000001"
          },
          "sensitive_attributes": [],
          "private": "bnVsbA==",
          "dependencies": [
            "module.app.aws_iam_role.main_application_autoscaling"
          ]
        }
      ]
    },
    {
      "module": "module.app",
      "mode": "managed",
      "type": "aws_iam_role_policy",
      "name": "main_ecs_tasks",
      "provider": "provider[\"registry.terraform.io/hashicorp/aws\"]",
      "instances": [
        {
          "schema_version": 0,
          "attributes": {
            "id": "app-cluster:contoso-main_ecs_tasks",
            "name": "contoso-main_ecs_tasks",
            "name_prefix": null,
            "policy": "{\n    \"Version\": \"2012-10-17\",\n    \"Statement\": [\n        {\n            \"Effect\": \"Allow\",\n            \"Resource\": [\n                \"*\"\n            ],\n            \"Action\": [\n                \"ecr:GetAuthorizationToken\",\n                \"ecr:BatchCheckLayerAvailability\",\n                \"ecr:GetDownloadUrlForLayer\",\n                \"ecr:BatchGetImage\",\n                \"logs:CreateLogStream\",\n                \"logs:PutLogEvents\"\n            ]\n        },\n        {\n            \"Effect\": \"Allow\",\n            \"Resource\": [\n                \"arn:aws:iam::176425817556:role/CrossAccessProdAccount\"\n            ],\n            \"Action\": [\n                \"*\"\n            ]\n        } \n\n    ]\n\n}\n",
            "role": "app-cluster"
          },
          "sensitive_attributes": [],
          "private": "bnVsbA==",
          "dependencies": [
            "module.app.aws_iam_role.main_ecs_tasks"
          ]
        }
      ]
    },
    {
      "module": "module.app",
      "mode": "managed",
      "type": "aws_security_group",
      "name": "ecs_tasks",
      "provider": "provider[\"registry.terraform.io/hashicorp/aws\"]",
      "instances": [
        {
          "schema_version": 1,
          "attributes": {
            "arn": "arn:aws:ec2:eu-west-2:669791164395:security-group/sg-0c4df43c93beaecd8",
            "description": "allow inbound access from the ALB only",
            "egress": [
              {
                "cidr_blocks": [
                  "0.0.0.0/0"
                ],
                "description": "",
                "from_port": 0,
                "ipv6_cidr_blocks": [],
                "prefix_list_ids": [],
                "protocol": "-1",
                "security_groups": [],
                "self": false,
                "to_port": 0
              }
            ],
            "id": "sg-0c4df43c93beaecd8",
            "ingress": [
              {
                "cidr_blocks": [
                  "172.17.0.0/16"
                ],
                "description": "",
                "from_port": 3000,
                "ipv6_cidr_blocks": [],
                "prefix_list_ids": [],
                "protocol": "tcp",
                "security_groups": [],
                "self": false,
                "to_port": 3000
              },
              {
                "cidr_blocks": [],
                "description": "",
                "from_port": 3000,
                "ipv6_cidr_blocks": [],
                "prefix_list_ids": [],
                "protocol": "tcp",
                "security_groups": [
                  "sg-0d1798cac308c5dfd"
                ],
                "self": false,
                "to_port": 3000
              }
            ],
            "name": "app",
            "name_prefix": "",
            "owner_id": "669791164395",
            "revoke_rules_on_delete": false,
            "tags": {},
            "timeouts": null,
            "vpc_id": "vpc-05de58a4b4639a421"
          },
          "sensitive_attributes": [],
          "private": "eyJlMmJmYjczMC1lY2FhLTExZTYtOGY4OC0zNDM2M2JjN2M0YzAiOnsiY3JlYXRlIjo2MDAwMDAwMDAwMDAsImRlbGV0ZSI6NjAwMDAwMDAwMDAwfSwic2NoZW1hX3ZlcnNpb24iOiIxIn0=",
          "dependencies": [
            "module.ALB.aws_security_group.lb",
            "module.network.aws_vpc.main"
          ]
        }
      ]
    },
    {
      "module": "module.network",
      "mode": "data",
      "type": "aws_availability_zones",
      "name": "available",
      "provider": "provider[\"registry.terraform.io/hashicorp/aws\"]",
      "instances": [
        {
          "schema_version": 0,
          "attributes": {
            "all_availability_zones": null,
            "exclude_names": null,
            "exclude_zone_ids": null,
            "filter": null,
            "group_names": [
              "eu-west-2"
            ],
            "id": "eu-west-2",
            "names": [
              "eu-west-2a",
              "eu-west-2b",
              "eu-west-2c"
            ],
            "state": null,
            "zone_ids": [
              "euw2-az2",
              "euw2-az3",
              "euw2-az1"
            ]
          },
          "sensitive_attributes": []
        }
      ]
    },
    {
      "module": "module.network",
      "mode": "data",
      "type": "aws_region",
      "name": "current",
      "provider": "provider[\"registry.terraform.io/hashicorp/aws\"]",
      "instances": [
        {
          "schema_version": 0,
          "attributes": {
            "description": "Europe (London)",
            "endpoint": "ec2.eu-west-2.amazonaws.com",
            "id": "eu-west-2",
            "name": "eu-west-2"
          },
          "sensitive_attributes": []
        }
      ]
    },
    {
      "module": "module.network",
      "mode": "managed",
      "type": "aws_eip",
      "name": "gw",
      "provider": "provider[\"registry.terraform.io/hashicorp/aws\"]",
      "instances": [
        {
          "index_key": 0,
          "schema_version": 0,
          "attributes": {
            "allocation_id": null,
            "associate_with_private_ip": null,
            "association_id": "eipassoc-03fdd1d7946481d63",
            "carrier_ip": "",
            "customer_owned_ip": "",
            "customer_owned_ipv4_pool": "",
            "domain": "vpc",
            "id": "eipalloc-0855fda007fdbf044",
            "instance": "",
            "network_border_group": "eu-west-2",
            "network_interface": "eni-02455d23b275885fe",
            "private_dns": "ip-172-17-3-33.eu-west-2.compute.internal",
            "private_ip": "172.17.3.33",
            "public_dns": "ec2-18-135-197-57.eu-west-2.compute.amazonaws.com",
            "public_ip": "18.135.197.57",
            "public_ipv4_pool": "amazon",
            "tags": {},
            "timeouts": null,
            "vpc": true
          },
          "sensitive_attributes": [],
          "private": "eyJlMmJmYjczMC1lY2FhLTExZTYtOGY4OC0zNDM2M2JjN2M0YzAiOnsiZGVsZXRlIjoxODAwMDAwMDAwMDAsInJlYWQiOjkwMDAwMDAwMDAwMCwidXBkYXRlIjozMDAwMDAwMDAwMDB9fQ==",
          "dependencies": [
            "module.network.aws_internet_gateway.gw",
            "module.network.aws_vpc.main"
          ]
        },
        {
          "index_key": 1,
          "schema_version": 0,
          "attributes": {
            "allocation_id": null,
            "associate_with_private_ip": null,
            "association_id": "eipassoc-0a325b886984badbf",
            "carrier_ip": "",
            "customer_owned_ip": "",
            "customer_owned_ipv4_pool": "",
            "domain": "vpc",
            "id": "eipalloc-069ac6eae02c2a48f",
            "instance": "",
            "network_border_group": "eu-west-2",
            "network_interface": "eni-0df076e2746acc38a",
            "private_dns": "ip-172-17-4-21.eu-west-2.compute.internal",
            "private_ip": "172.17.4.21",
            "public_dns": "ec2-18-135-34-213.eu-west-2.compute.amazonaws.com",
            "public_ip": "18.135.34.213",
            "public_ipv4_pool": "amazon",
            "tags": {},
            "timeouts": null,
            "vpc": true
          },
          "sensitive_attributes": [],
          "private": "eyJlMmJmYjczMC1lY2FhLTExZTYtOGY4OC0zNDM2M2JjN2M0YzAiOnsiZGVsZXRlIjoxODAwMDAwMDAwMDAsInJlYWQiOjkwMDAwMDAwMDAwMCwidXBkYXRlIjozMDAwMDAwMDAwMDB9fQ==",
          "dependencies": [
            "module.network.aws_internet_gateway.gw",
            "module.network.aws_vpc.main"
          ]
        },
        {
          "index_key": 2,
          "schema_version": 0,
          "attributes": {
            "allocation_id": null,
            "associate_with_private_ip": null,
            "association_id": "eipassoc-0d2f9f0867d30bdf3",
            "carrier_ip": "",
            "customer_owned_ip": "",
            "customer_owned_ipv4_pool": "",
            "domain": "vpc",
            "id": "eipalloc-09128b4681f149bef",
            "instance": "",
            "network_border_group": "eu-west-2",
            "network_interface": "eni-0f16c10de551cf5de",
            "private_dns": "ip-172-17-5-216.eu-west-2.compute.internal",
            "private_ip": "172.17.5.216",
            "public_dns": "ec2-3-11-214-92.eu-west-2.compute.amazonaws.com",
            "public_ip": "3.11.214.92",
            "public_ipv4_pool": "amazon",
            "tags": {},
            "timeouts": null,
            "vpc": true
          },
          "sensitive_attributes": [],
          "private": "eyJlMmJmYjczMC1lY2FhLTExZTYtOGY4OC0zNDM2M2JjN2M0YzAiOnsiZGVsZXRlIjoxODAwMDAwMDAwMDAsInJlYWQiOjkwMDAwMDAwMDAwMCwidXBkYXRlIjozMDAwMDAwMDAwMDB9fQ==",
          "dependencies": [
            "module.network.aws_internet_gateway.gw",
            "module.network.aws_vpc.main"
          ]
        }
      ]
    },
    {
      "module": "module.network",
      "mode": "managed",
      "type": "aws_internet_gateway",
      "name": "gw",
      "provider": "provider[\"registry.terraform.io/hashicorp/aws\"]",
      "instances": [
        {
          "schema_version": 0,
          "attributes": {
            "arn": "arn:aws:ec2:eu-west-2:669791164395:internet-gateway/igw-0baac89765f0e12d3",
            "id": "igw-0baac89765f0e12d3",
            "owner_id": "669791164395",
            "tags": {
              "Customer": "Network",
              "Email": "maher.mfayez@gmail.com",
              "Environment": "ci-cd",
              "GithubRepo": "https://github.com/xxx/",
              "Name": "Network",
              "Owner": "Maher Fayez",
              "Product": "Network",
              "Project": "POC"
            },
            "vpc_id": "vpc-05de58a4b4639a421"
          },
          "sensitive_attributes": [],
          "private": "bnVsbA==",
          "dependencies": [
            "module.network.aws_vpc.main"
          ]
        }
      ]
    },
    {
      "module": "module.network",
      "mode": "managed",
      "type": "aws_nat_gateway",
      "name": "gw",
      "provider": "provider[\"registry.terraform.io/hashicorp/aws\"]",
      "instances": [
        {
          "index_key": 0,
          "schema_version": 0,
          "attributes": {
            "allocation_id": "eipalloc-0855fda007fdbf044",
            "id": "nat-0e91130da09a8f14a",
            "network_interface_id": "eni-02455d23b275885fe",
            "private_ip": "172.17.3.33",
            "public_ip": "18.135.197.57",
            "subnet_id": "subnet-0981f02312f33c4a9",
            "tags": {}
          },
          "sensitive_attributes": [],
          "private": "bnVsbA==",
          "dependencies": [
            "module.network.aws_eip.gw",
            "module.network.aws_internet_gateway.gw",
            "module.network.aws_subnet.public",
            "module.network.aws_vpc.main",
            "module.network.data.aws_availability_zones.available"
          ]
        },
        {
          "index_key": 1,
          "schema_version": 0,
          "attributes": {
            "allocation_id": "eipalloc-069ac6eae02c2a48f",
            "id": "nat-079432d9a297879c1",
            "network_interface_id": "eni-0df076e2746acc38a",
            "private_ip": "172.17.4.21",
            "public_ip": "18.135.34.213",
            "subnet_id": "subnet-0c0ab4f95c07931f5",
            "tags": {}
          },
          "sensitive_attributes": [],
          "private": "bnVsbA==",
          "dependencies": [
            "module.network.aws_eip.gw",
            "module.network.aws_internet_gateway.gw",
            "module.network.aws_subnet.public",
            "module.network.aws_vpc.main",
            "module.network.data.aws_availability_zones.available"
          ]
        },
        {
          "index_key": 2,
          "schema_version": 0,
          "attributes": {
            "allocation_id": "eipalloc-09128b4681f149bef",
            "id": "nat-0641c481d553ec6eb",
            "network_interface_id": "eni-0f16c10de551cf5de",
            "private_ip": "172.17.5.216",
            "public_ip": "3.11.214.92",
            "subnet_id": "subnet-0d5dc5af2274c4804",
            "tags": {}
          },
          "sensitive_attributes": [],
          "private": "bnVsbA==",
          "dependencies": [
            "module.network.aws_eip.gw",
            "module.network.aws_internet_gateway.gw",
            "module.network.aws_subnet.public",
            "module.network.aws_vpc.main",
            "module.network.data.aws_availability_zones.available"
          ]
        }
      ]
    },
    {
      "module": "module.network",
      "mode": "managed",
      "type": "aws_route",
      "name": "internet_access",
      "provider": "provider[\"registry.terraform.io/hashicorp/aws\"]",
      "instances": [
        {
          "schema_version": 0,
          "attributes": {
            "destination_cidr_block": "0.0.0.0/0",
            "destination_ipv6_cidr_block": "",
            "destination_prefix_list_id": "",
            "egress_only_gateway_id": "",
            "gateway_id": "igw-0baac89765f0e12d3",
            "id": "r-rtb-005c81b0b5b8cb6961080289494",
            "instance_id": "",
            "instance_owner_id": "",
            "local_gateway_id": "",
            "nat_gateway_id": "",
            "network_interface_id": "",
            "origin": "CreateRoute",
            "route_table_id": "rtb-005c81b0b5b8cb696",
            "state": "active",
            "timeouts": null,
            "transit_gateway_id": "",
            "vpc_endpoint_id": null,
            "vpc_peering_connection_id": ""
          },
          "sensitive_attributes": [],
          "private": "eyJlMmJmYjczMC1lY2FhLTExZTYtOGY4OC0zNDM2M2JjN2M0YzAiOnsiY3JlYXRlIjoxMjAwMDAwMDAwMDAsImRlbGV0ZSI6MzAwMDAwMDAwMDAwfX0=",
          "dependencies": [
            "module.network.aws_internet_gateway.gw",
            "module.network.aws_vpc.main"
          ]
        }
      ]
    },
    {
      "module": "module.network",
      "mode": "managed",
      "type": "aws_route_table",
      "name": "private",
      "provider": "provider[\"registry.terraform.io/hashicorp/aws\"]",
      "instances": [
        {
          "index_key": 0,
          "schema_version": 0,
          "attributes": {
            "id": "rtb-025a7fb4cc58fe49a",
            "owner_id": "669791164395",
            "propagating_vgws": [],
            "route": [
              {
                "cidr_block": "0.0.0.0/0",
                "egress_only_gateway_id": "",
                "gateway_id": "",
                "instance_id": "",
                "ipv6_cidr_block": "",
                "local_gateway_id": "",
                "nat_gateway_id": "nat-0e91130da09a8f14a",
                "network_interface_id": "",
                "transit_gateway_id": "",
                "vpc_endpoint_id": "",
                "vpc_peering_connection_id": ""
              }
            ],
            "tags": {},
            "vpc_id": "vpc-05de58a4b4639a421"
          },
          "sensitive_attributes": [],
          "private": "bnVsbA==",
          "dependencies": [
            "module.network.aws_eip.gw",
            "module.network.aws_internet_gateway.gw",
            "module.network.aws_nat_gateway.gw",
            "module.network.aws_subnet.public",
            "module.network.aws_vpc.main",
            "module.network.data.aws_availability_zones.available"
          ]
        },
        {
          "index_key": 1,
          "schema_version": 0,
          "attributes": {
            "id": "rtb-016dca5b0db83f96c",
            "owner_id": "669791164395",
            "propagating_vgws": [],
            "route": [
              {
                "cidr_block": "0.0.0.0/0",
                "egress_only_gateway_id": "",
                "gateway_id": "",
                "instance_id": "",
                "ipv6_cidr_block": "",
                "local_gateway_id": "",
                "nat_gateway_id": "nat-079432d9a297879c1",
                "network_interface_id": "",
                "transit_gateway_id": "",
                "vpc_endpoint_id": "",
                "vpc_peering_connection_id": ""
              }
            ],
            "tags": {},
            "vpc_id": "vpc-05de58a4b4639a421"
          },
          "sensitive_attributes": [],
          "private": "bnVsbA==",
          "dependencies": [
            "module.network.aws_eip.gw",
            "module.network.aws_internet_gateway.gw",
            "module.network.aws_nat_gateway.gw",
            "module.network.aws_subnet.public",
            "module.network.aws_vpc.main",
            "module.network.data.aws_availability_zones.available"
          ]
        },
        {
          "index_key": 2,
          "schema_version": 0,
          "attributes": {
            "id": "rtb-03c1736d3e340e0b6",
            "owner_id": "669791164395",
            "propagating_vgws": [],
            "route": [
              {
                "cidr_block": "0.0.0.0/0",
                "egress_only_gateway_id": "",
                "gateway_id": "",
                "instance_id": "",
                "ipv6_cidr_block": "",
                "local_gateway_id": "",
                "nat_gateway_id": "nat-0641c481d553ec6eb",
                "network_interface_id": "",
                "transit_gateway_id": "",
                "vpc_endpoint_id": "",
                "vpc_peering_connection_id": ""
              }
            ],
            "tags": {},
            "vpc_id": "vpc-05de58a4b4639a421"
          },
          "sensitive_attributes": [],
          "private": "bnVsbA==",
          "dependencies": [
            "module.network.aws_eip.gw",
            "module.network.aws_internet_gateway.gw",
            "module.network.aws_nat_gateway.gw",
            "module.network.aws_subnet.public",
            "module.network.aws_vpc.main",
            "module.network.data.aws_availability_zones.available"
          ]
        }
      ]
    },
    {
      "module": "module.network",
      "mode": "managed",
      "type": "aws_route_table_association",
      "name": "private",
      "provider": "provider[\"registry.terraform.io/hashicorp/aws\"]",
      "instances": [
        {
          "index_key": 0,
          "schema_version": 0,
          "attributes": {
            "gateway_id": null,
            "id": "rtbassoc-089b90dd09ab90997",
            "route_table_id": "rtb-025a7fb4cc58fe49a",
            "subnet_id": "subnet-018e6fa377ebe8b5a"
          },
          "sensitive_attributes": [],
          "private": "bnVsbA==",
          "dependencies": [
            "module.network.aws_eip.gw",
            "module.network.aws_internet_gateway.gw",
            "module.network.aws_nat_gateway.gw",
            "module.network.aws_route_table.private",
            "module.network.aws_subnet.private",
            "module.network.aws_subnet.public",
            "module.network.aws_vpc.main",
            "module.network.data.aws_availability_zones.available"
          ]
        },
        {
          "index_key": 1,
          "schema_version": 0,
          "attributes": {
            "gateway_id": null,
            "id": "rtbassoc-03fe4d06b85beda82",
            "route_table_id": "rtb-016dca5b0db83f96c",
            "subnet_id": "subnet-0cdbe82761e111b95"
          },
          "sensitive_attributes": [],
          "private": "bnVsbA==",
          "dependencies": [
            "module.network.aws_eip.gw",
            "module.network.aws_internet_gateway.gw",
            "module.network.aws_nat_gateway.gw",
            "module.network.aws_route_table.private",
            "module.network.aws_subnet.private",
            "module.network.aws_subnet.public",
            "module.network.aws_vpc.main",
            "module.network.data.aws_availability_zones.available"
          ]
        },
        {
          "index_key": 2,
          "schema_version": 0,
          "attributes": {
            "gateway_id": null,
            "id": "rtbassoc-01bbddbc9163ea59b",
            "route_table_id": "rtb-03c1736d3e340e0b6",
            "subnet_id": "subnet-025ac23564d3758fc"
          },
          "sensitive_attributes": [],
          "private": "bnVsbA==",
          "dependencies": [
            "module.network.aws_eip.gw",
            "module.network.aws_internet_gateway.gw",
            "module.network.aws_nat_gateway.gw",
            "module.network.aws_route_table.private",
            "module.network.aws_subnet.private",
            "module.network.aws_subnet.public",
            "module.network.aws_vpc.main",
            "module.network.data.aws_availability_zones.available"
          ]
        }
      ]
    },
    {
      "module": "module.network",
      "mode": "managed",
      "type": "aws_subnet",
      "name": "private",
      "provider": "provider[\"registry.terraform.io/hashicorp/aws\"]",
      "instances": [
        {
          "index_key": 0,
          "schema_version": 1,
          "attributes": {
            "arn": "arn:aws:ec2:eu-west-2:669791164395:subnet/subnet-018e6fa377ebe8b5a",
            "assign_ipv6_address_on_creation": false,
            "availability_zone": "eu-west-2a",
            "availability_zone_id": "euw2-az2",
            "cidr_block": "172.17.0.0/24",
            "id": "subnet-018e6fa377ebe8b5a",
            "ipv6_cidr_block": "",
            "ipv6_cidr_block_association_id": "",
            "map_public_ip_on_launch": false,
            "outpost_arn": "",
            "owner_id": "669791164395",
            "tags": {
              "Name": "private-$data.aws_availability_zones.available.names[count.index]"
            },
            "timeouts": null,
            "vpc_id": "vpc-05de58a4b4639a421"
          },
          "sensitive_attributes": [],
          "private": "eyJlMmJmYjczMC1lY2FhLTExZTYtOGY4OC0zNDM2M2JjN2M0YzAiOnsiY3JlYXRlIjo2MDAwMDAwMDAwMDAsImRlbGV0ZSI6MTIwMDAwMDAwMDAwMH0sInNjaGVtYV92ZXJzaW9uIjoiMSJ9",
          "dependencies": [
            "module.network.aws_vpc.main",
            "module.network.data.aws_availability_zones.available"
          ]
        },
        {
          "index_key": 1,
          "schema_version": 1,
          "attributes": {
            "arn": "arn:aws:ec2:eu-west-2:669791164395:subnet/subnet-0cdbe82761e111b95",
            "assign_ipv6_address_on_creation": false,
            "availability_zone": "eu-west-2b",
            "availability_zone_id": "euw2-az3",
            "cidr_block": "172.17.1.0/24",
            "id": "subnet-0cdbe82761e111b95",
            "ipv6_cidr_block": "",
            "ipv6_cidr_block_association_id": "",
            "map_public_ip_on_launch": false,
            "outpost_arn": "",
            "owner_id": "669791164395",
            "tags": {
              "Name": "private-$data.aws_availability_zones.available.names[count.index]"
            },
            "timeouts": null,
            "vpc_id": "vpc-05de58a4b4639a421"
          },
          "sensitive_attributes": [],
          "private": "eyJlMmJmYjczMC1lY2FhLTExZTYtOGY4OC0zNDM2M2JjN2M0YzAiOnsiY3JlYXRlIjo2MDAwMDAwMDAwMDAsImRlbGV0ZSI6MTIwMDAwMDAwMDAwMH0sInNjaGVtYV92ZXJzaW9uIjoiMSJ9",
          "dependencies": [
            "module.network.aws_vpc.main",
            "module.network.data.aws_availability_zones.available"
          ]
        },
        {
          "index_key": 2,
          "schema_version": 1,
          "attributes": {
            "arn": "arn:aws:ec2:eu-west-2:669791164395:subnet/subnet-025ac23564d3758fc",
            "assign_ipv6_address_on_creation": false,
            "availability_zone": "eu-west-2c",
            "availability_zone_id": "euw2-az1",
            "cidr_block": "172.17.2.0/24",
            "id": "subnet-025ac23564d3758fc",
            "ipv6_cidr_block": "",
            "ipv6_cidr_block_association_id": "",
            "map_public_ip_on_launch": false,
            "outpost_arn": "",
            "owner_id": "669791164395",
            "tags": {
              "Name": "private-$data.aws_availability_zones.available.names[count.index]"
            },
            "timeouts": null,
            "vpc_id": "vpc-05de58a4b4639a421"
          },
          "sensitive_attributes": [],
          "private": "eyJlMmJmYjczMC1lY2FhLTExZTYtOGY4OC0zNDM2M2JjN2M0YzAiOnsiY3JlYXRlIjo2MDAwMDAwMDAwMDAsImRlbGV0ZSI6MTIwMDAwMDAwMDAwMH0sInNjaGVtYV92ZXJzaW9uIjoiMSJ9",
          "dependencies": [
            "module.network.aws_vpc.main",
            "module.network.data.aws_availability_zones.available"
          ]
        }
      ]
    },
    {
      "module": "module.network",
      "mode": "managed",
      "type": "aws_subnet",
      "name": "public",
      "provider": "provider[\"registry.terraform.io/hashicorp/aws\"]",
      "instances": [
        {
          "index_key": 0,
          "schema_version": 1,
          "attributes": {
            "arn": "arn:aws:ec2:eu-west-2:669791164395:subnet/subnet-0981f02312f33c4a9",
            "assign_ipv6_address_on_creation": false,
            "availability_zone": "eu-west-2a",
            "availability_zone_id": "euw2-az2",
            "cidr_block": "172.17.3.0/24",
            "id": "subnet-0981f02312f33c4a9",
            "ipv6_cidr_block": "",
            "ipv6_cidr_block_association_id": "",
            "map_public_ip_on_launch": true,
            "outpost_arn": "",
            "owner_id": "669791164395",
            "tags": {
              "Name": "public-$data.aws_availability_zones.available.names[count.index]"
            },
            "timeouts": null,
            "vpc_id": "vpc-05de58a4b4639a421"
          },
          "sensitive_attributes": [],
          "private": "eyJlMmJmYjczMC1lY2FhLTExZTYtOGY4OC0zNDM2M2JjN2M0YzAiOnsiY3JlYXRlIjo2MDAwMDAwMDAwMDAsImRlbGV0ZSI6MTIwMDAwMDAwMDAwMH0sInNjaGVtYV92ZXJzaW9uIjoiMSJ9",
          "dependencies": [
            "module.network.aws_vpc.main",
            "module.network.data.aws_availability_zones.available"
          ]
        },
        {
          "index_key": 1,
          "schema_version": 1,
          "attributes": {
            "arn": "arn:aws:ec2:eu-west-2:669791164395:subnet/subnet-0c0ab4f95c07931f5",
            "assign_ipv6_address_on_creation": false,
            "availability_zone": "eu-west-2b",
            "availability_zone_id": "euw2-az3",
            "cidr_block": "172.17.4.0/24",
            "id": "subnet-0c0ab4f95c07931f5",
            "ipv6_cidr_block": "",
            "ipv6_cidr_block_association_id": "",
            "map_public_ip_on_launch": true,
            "outpost_arn": "",
            "owner_id": "669791164395",
            "tags": {
              "Name": "public-$data.aws_availability_zones.available.names[count.index]"
            },
            "timeouts": null,
            "vpc_id": "vpc-05de58a4b4639a421"
          },
          "sensitive_attributes": [],
          "private": "eyJlMmJmYjczMC1lY2FhLTExZTYtOGY4OC0zNDM2M2JjN2M0YzAiOnsiY3JlYXRlIjo2MDAwMDAwMDAwMDAsImRlbGV0ZSI6MTIwMDAwMDAwMDAwMH0sInNjaGVtYV92ZXJzaW9uIjoiMSJ9",
          "dependencies": [
            "module.network.aws_vpc.main",
            "module.network.data.aws_availability_zones.available"
          ]
        },
        {
          "index_key": 2,
          "schema_version": 1,
          "attributes": {
            "arn": "arn:aws:ec2:eu-west-2:669791164395:subnet/subnet-0d5dc5af2274c4804",
            "assign_ipv6_address_on_creation": false,
            "availability_zone": "eu-west-2c",
            "availability_zone_id": "euw2-az1",
            "cidr_block": "172.17.5.0/24",
            "id": "subnet-0d5dc5af2274c4804",
            "ipv6_cidr_block": "",
            "ipv6_cidr_block_association_id": "",
            "map_public_ip_on_launch": true,
            "outpost_arn": "",
            "owner_id": "669791164395",
            "tags": {
              "Name": "public-$data.aws_availability_zones.available.names[count.index]"
            },
            "timeouts": null,
            "vpc_id": "vpc-05de58a4b4639a421"
          },
          "sensitive_attributes": [],
          "private": "eyJlMmJmYjczMC1lY2FhLTExZTYtOGY4OC0zNDM2M2JjN2M0YzAiOnsiY3JlYXRlIjo2MDAwMDAwMDAwMDAsImRlbGV0ZSI6MTIwMDAwMDAwMDAwMH0sInNjaGVtYV92ZXJzaW9uIjoiMSJ9",
          "dependencies": [
            "module.network.aws_vpc.main",
            "module.network.data.aws_availability_zones.available"
          ]
        }
      ]
    },
    {
      "module": "module.network",
      "mode": "managed",
      "type": "aws_vpc",
      "name": "main",
      "provider": "provider[\"registry.terraform.io/hashicorp/aws\"]",
      "instances": [
        {
          "schema_version": 1,
          "attributes": {
            "arn": "arn:aws:ec2:eu-west-2:669791164395:vpc/vpc-05de58a4b4639a421",
            "assign_generated_ipv6_cidr_block": false,
            "cidr_block": "172.17.0.0/16",
            "default_network_acl_id": "acl-0bfa04785d9a3142c",
            "default_route_table_id": "rtb-005c81b0b5b8cb696",
            "default_security_group_id": "sg-034f1f87988ded02e",
            "dhcp_options_id": "dopt-0899c961",
            "enable_classiclink": null,
            "enable_classiclink_dns_support": null,
            "enable_dns_hostnames": false,
            "enable_dns_support": true,
            "id": "vpc-05de58a4b4639a421",
            "instance_tenancy": "default",
            "ipv6_association_id": "",
            "ipv6_cidr_block": "",
            "main_route_table_id": "rtb-005c81b0b5b8cb696",
            "owner_id": "669791164395",
            "tags": {
              "Customer": "Network",
              "Email": "maher.mfayez@gmail.com",
              "Environment": "ci-cd",
              "GithubRepo": "https://github.com/xxx/",
              "Name": "Network",
              "Owner": "Maher Fayez",
              "Product": "Network",
              "Project": "POC"
            }
          },
          "sensitive_attributes": [],
          "private": "eyJzY2hlbWFfdmVyc2lvbiI6IjEifQ=="
        }
      ]
    }
  ]
}
